// !$*UTF8*$!
{
	archiveVersion = 1;
	classes = {
	};
	objectVersion = 51;
	objects = {

/* Begin PBXBuildFile section */
		1C6B5C944ADDF8B22E38565A /* Pods_BestRamen_BestRamenUITests.framework in Frameworks */ = {isa = PBXBuildFile; fileRef = 8336CE15A3D3E233722DB0C9 /* Pods_BestRamen_BestRamenUITests.framework */; };
		4715CD3AD31730B51D1ED83A /* Pods_BestRamen.framework in Frameworks */ = {isa = PBXBuildFile; fileRef = C20CE0C3E208649DDE8D05A9 /* Pods_BestRamen.framework */; };
		5213C03BC7FA25859BE3871E /* Pods_BestRamenTests.framework in Frameworks */ = {isa = PBXBuildFile; fileRef = 1E2AA6F4CC7B889794D4F271 /* Pods_BestRamenTests.framework */; };
		8EF797D325CE644000AE553C /* GoogleService-Info.plist in Resources */ = {isa = PBXBuildFile; fileRef = 8EF797D225CE644000AE553C /* GoogleService-Info.plist */; };
		8EF797F825CE774F00AE553C /* HomViewModel.swift in Sources */ = {isa = PBXBuildFile; fileRef = 8EF797F725CE774F00AE553C /* HomViewModel.swift */; };
		D32C4A39252A5FBD0092F5F4 /* MakePostViewController.swift in Sources */ = {isa = PBXBuildFile; fileRef = D32C4A38252A5FBD0092F5F4 /* MakePostViewController.swift */; };
		D32DF62325346C7400F34A62 /* AddDonePlaceholderTextView.swift in Sources */ = {isa = PBXBuildFile; fileRef = D32DF62225346C7400F34A62 /* AddDonePlaceholderTextView.swift */; };
		D32DF62825346CF500F34A62 /* AddDoneTextField.swift in Sources */ = {isa = PBXBuildFile; fileRef = D32DF62725346CF500F34A62 /* AddDoneTextField.swift */; };
		D32DF6502535F43900F34A62 /* AddDoneSearchBar.swift in Sources */ = {isa = PBXBuildFile; fileRef = D32DF64F2535F43900F34A62 /* AddDoneSearchBar.swift */; };
		D337ABBB2502666D000C0D1E /* AppDelegate.swift in Sources */ = {isa = PBXBuildFile; fileRef = D337ABBA2502666D000C0D1E /* AppDelegate.swift */; };
		D337ABBD2502666D000C0D1E /* SceneDelegate.swift in Sources */ = {isa = PBXBuildFile; fileRef = D337ABBC2502666D000C0D1E /* SceneDelegate.swift */; };
		D337ABBF2502666D000C0D1E /* HomeViewController.swift in Sources */ = {isa = PBXBuildFile; fileRef = D337ABBE2502666D000C0D1E /* HomeViewController.swift */; };
		D337ABC12502666D000C0D1E /* SecondViewController.swift in Sources */ = {isa = PBXBuildFile; fileRef = D337ABC02502666D000C0D1E /* SecondViewController.swift */; };
		D337ABC42502666D000C0D1E /* Main.storyboard in Resources */ = {isa = PBXBuildFile; fileRef = D337ABC22502666D000C0D1E /* Main.storyboard */; };
		D337ABC625026673000C0D1E /* Assets.xcassets in Resources */ = {isa = PBXBuildFile; fileRef = D337ABC525026673000C0D1E /* Assets.xcassets */; };
		D337ABC925026673000C0D1E /* LaunchScreen.storyboard in Resources */ = {isa = PBXBuildFile; fileRef = D337ABC725026673000C0D1E /* LaunchScreen.storyboard */; };
		D337ABD425026673000C0D1E /* BestRamenTests.swift in Sources */ = {isa = PBXBuildFile; fileRef = D337ABD325026673000C0D1E /* BestRamenTests.swift */; };
		D337ABDF25026673000C0D1E /* BestRamenUITests.swift in Sources */ = {isa = PBXBuildFile; fileRef = D337ABDE25026673000C0D1E /* BestRamenUITests.swift */; };
		D33D66C62521B3BA00A1A28D /* SemiModalViewController.swift in Sources */ = {isa = PBXBuildFile; fileRef = D33D66C52521B3BA00A1A28D /* SemiModalViewController.swift */; };
		D3423172251A51E2004E8A0F /* CustomCollectionViewCell.swift in Sources */ = {isa = PBXBuildFile; fileRef = D3423170251A51E2004E8A0F /* CustomCollectionViewCell.swift */; };
		D3423173251A51E2004E8A0F /* CustomCollectionViewCell.xib in Resources */ = {isa = PBXBuildFile; fileRef = D3423171251A51E2004E8A0F /* CustomCollectionViewCell.xib */; };
		D359AB902521BC88001C3213 /* CustomFloatingPanelLayout.swift in Sources */ = {isa = PBXBuildFile; fileRef = D359AB8F2521BC87001C3213 /* CustomFloatingPanelLayout.swift */; };
		D368C01C251B4A500062BED0 /* FollowListTableViewCell.swift in Sources */ = {isa = PBXBuildFile; fileRef = D368C01A251B4A4F0062BED0 /* FollowListTableViewCell.swift */; };
		D368C01D251B4A500062BED0 /* FollowListTableViewCell.xib in Resources */ = {isa = PBXBuildFile; fileRef = D368C01B251B4A4F0062BED0 /* FollowListTableViewCell.xib */; };
		D368C022251B4B7C0062BED0 /* FollowListViewController.swift in Sources */ = {isa = PBXBuildFile; fileRef = D368C021251B4B7C0062BED0 /* FollowListViewController.swift */; };
		D375B6592503333500F511D0 /* CustomTableViewCell.swift in Sources */ = {isa = PBXBuildFile; fileRef = D375B6572503333500F511D0 /* CustomTableViewCell.swift */; };
		D375B65A2503333500F511D0 /* CustomTableViewCell.xib in Resources */ = {isa = PBXBuildFile; fileRef = D375B6582503333500F511D0 /* CustomTableViewCell.xib */; };
		D375B66925065A5E00F511D0 /* PostViewController.swift in Sources */ = {isa = PBXBuildFile; fileRef = D375B66825065A5E00F511D0 /* PostViewController.swift */; };
		D390231425068DCE00C13328 /* UserPageViewController.swift in Sources */ = {isa = PBXBuildFile; fileRef = D390231325068DCD00C13328 /* UserPageViewController.swift */; };
		D390231725068ECA00C13328 /* ShopPageViewController.swift in Sources */ = {isa = PBXBuildFile; fileRef = D390231625068ECA00C13328 /* ShopPageViewController.swift */; };
		D3B218C825259BA30025BC35 /* EditViewController.swift in Sources */ = {isa = PBXBuildFile; fileRef = D3B218C725259BA30025BC35 /* EditViewController.swift */; };
		D3B218D025264C1F0025BC35 /* RamenChooseViewController.swift in Sources */ = {isa = PBXBuildFile; fileRef = D3B218CF25264C1F0025BC35 /* RamenChooseViewController.swift */; };
		D3B218E3252657130025BC35 /* SecondCustomTableViewCell.swift in Sources */ = {isa = PBXBuildFile; fileRef = D3B218E1252657130025BC35 /* SecondCustomTableViewCell.swift */; };
		D3B218E4252657130025BC35 /* SecondCustomTableViewCell.xib in Resources */ = {isa = PBXBuildFile; fileRef = D3B218E2252657130025BC35 /* SecondCustomTableViewCell.xib */; };
		D3F17FAE2535F9210048715D /* CustomNavigationController.swift in Sources */ = {isa = PBXBuildFile; fileRef = D3F17FAD2535F9210048715D /* CustomNavigationController.swift */; };
		D53BD9C225E5278900E03845 /* Post.swift in Sources */ = {isa = PBXBuildFile; fileRef = D53BD9C125E5278900E03845 /* Post.swift */; };
		D55CF46626287612005D35E2 /* ShopViewModel.swift in Sources */ = {isa = PBXBuildFile; fileRef = D55CF46526287611005D35E2 /* ShopViewModel.swift */; };
		D55CF477262895AC005D35E2 /* UserViewModel.swift in Sources */ = {isa = PBXBuildFile; fileRef = D55CF476262895AC005D35E2 /* UserViewModel.swift */; };
		D55E859B2625A67D009860BA /* HomeRow.swift in Sources */ = {isa = PBXBuildFile; fileRef = D55E859A2625A67D009860BA /* HomeRow.swift */; };
		D55E86052625C3A6009860BA /* SignInView.swift in Sources */ = {isa = PBXBuildFile; fileRef = D55E86042625C3A6009860BA /* SignInView.swift */; };
		D55E860A2625C441009860BA /* GoogleSignInButton.swift in Sources */ = {isa = PBXBuildFile; fileRef = D55E86092625C441009860BA /* GoogleSignInButton.swift */; };
		D55E860F2625CEC2009860BA /* PostView.swift in Sources */ = {isa = PBXBuildFile; fileRef = D55E860E2625CEC2009860BA /* PostView.swift */; };
		D55E86142625D096009860BA /* ShopView.swift in Sources */ = {isa = PBXBuildFile; fileRef = D55E86132625D096009860BA /* ShopView.swift */; };
		D55E861D2625D4D6009860BA /* FollowListView.swift in Sources */ = {isa = PBXBuildFile; fileRef = D55E861C2625D4D6009860BA /* FollowListView.swift */; };
		D55E86222625E5CC009860BA /* CreatePostView.swift in Sources */ = {isa = PBXBuildFile; fileRef = D55E86212625E5CC009860BA /* CreatePostView.swift */; };
		D55E86272625E665009860BA /* EditProfileView.swift in Sources */ = {isa = PBXBuildFile; fileRef = D55E86262625E665009860BA /* EditProfileView.swift */; };
		D55E86322625F379009860BA /* AppState.swift in Sources */ = {isa = PBXBuildFile; fileRef = D55E86312625F379009860BA /* AppState.swift */; };
		D55E86372625F56B009860BA /* EditProfileViewModel.swift in Sources */ = {isa = PBXBuildFile; fileRef = D55E86362625F56B009860BA /* EditProfileViewModel.swift */; };
		D56A6FB5262492970009A7C4 /* ContentView.swift in Sources */ = {isa = PBXBuildFile; fileRef = D56A6FB4262492970009A7C4 /* ContentView.swift */; };
		D56A6FBA2624969B0009A7C4 /* HomeView.swift in Sources */ = {isa = PBXBuildFile; fileRef = D56A6FB92624969B0009A7C4 /* HomeView.swift */; };
		D56A6FBF262496DE0009A7C4 /* UserView.swift in Sources */ = {isa = PBXBuildFile; fileRef = D56A6FBE262496DE0009A7C4 /* UserView.swift */; };
		D56A6FC4262497440009A7C4 /* MapView.swift in Sources */ = {isa = PBXBuildFile; fileRef = D56A6FC3262497440009A7C4 /* MapView.swift */; };
		D570E85F262DD59F008FCFAF /* GoogleDelegate.swift in Sources */ = {isa = PBXBuildFile; fileRef = D570E85E262DD59F008FCFAF /* GoogleDelegate.swift */; };
		D570E86A262DE8B4008FCFAF /* FollowListViewModel.swift in Sources */ = {isa = PBXBuildFile; fileRef = D570E869262DE8B4008FCFAF /* FollowListViewModel.swift */; };
		D570E86F262E63C6008FCFAF /* HomeRowViewModel.swift in Sources */ = {isa = PBXBuildFile; fileRef = D570E86E262E63C6008FCFAF /* HomeRowViewModel.swift */; };
		D570E8A5262EA75F008FCFAF /* Relationships.swift in Sources */ = {isa = PBXBuildFile; fileRef = D570E8A4262EA75F008FCFAF /* Relationships.swift */; };
		D570E8B6262F2879008FCFAF /* View+Extension.swift in Sources */ = {isa = PBXBuildFile; fileRef = D570E8B5262F2879008FCFAF /* View+Extension.swift */; };
		D5C3A7B826137DB90048F610 /* FirebaseManeger.swift in Sources */ = {isa = PBXBuildFile; fileRef = D5C3A7B726137DB90048F610 /* FirebaseManeger.swift */; };
		D5D3AF5D25E52EA800CE6C50 /* User.swift in Sources */ = {isa = PBXBuildFile; fileRef = D5D3AF5C25E52EA800CE6C50 /* User.swift */; };
		D5D3AF6225E52EBD00CE6C50 /* Shop.swift in Sources */ = {isa = PBXBuildFile; fileRef = D5D3AF6125E52EBD00CE6C50 /* Shop.swift */; };
		D5D3AF6F25E5320400CE6C50 /* PostViewModel.swift in Sources */ = {isa = PBXBuildFile; fileRef = D5D3AF6E25E5320400CE6C50 /* PostViewModel.swift */; };
/* End PBXBuildFile section */

/* Begin PBXContainerItemProxy section */
		D337ABD025026673000C0D1E /* PBXContainerItemProxy */ = {
			isa = PBXContainerItemProxy;
			containerPortal = D337ABAF2502666D000C0D1E /* Project object */;
			proxyType = 1;
			remoteGlobalIDString = D337ABB62502666D000C0D1E;
			remoteInfo = BestRamen;
		};
		D337ABDB25026673000C0D1E /* PBXContainerItemProxy */ = {
			isa = PBXContainerItemProxy;
			containerPortal = D337ABAF2502666D000C0D1E /* Project object */;
			proxyType = 1;
			remoteGlobalIDString = D337ABB62502666D000C0D1E;
			remoteInfo = BestRamen;
		};
/* End PBXContainerItemProxy section */

/* Begin PBXFileReference section */
		1E2AA6F4CC7B889794D4F271 /* Pods_BestRamenTests.framework */ = {isa = PBXFileReference; explicitFileType = wrapper.framework; includeInIndex = 0; path = Pods_BestRamenTests.framework; sourceTree = BUILT_PRODUCTS_DIR; };
		6768BD58C888D905F29B4F5D /* Pods-BestRamenTests.debug.xcconfig */ = {isa = PBXFileReference; includeInIndex = 1; lastKnownFileType = text.xcconfig; name = "Pods-BestRamenTests.debug.xcconfig"; path = "Target Support Files/Pods-BestRamenTests/Pods-BestRamenTests.debug.xcconfig"; sourceTree = "<group>"; };
		72ADB7F0616ABEADEB86288F /* Pods-BestRamen.debug.xcconfig */ = {isa = PBXFileReference; includeInIndex = 1; lastKnownFileType = text.xcconfig; name = "Pods-BestRamen.debug.xcconfig"; path = "Target Support Files/Pods-BestRamen/Pods-BestRamen.debug.xcconfig"; sourceTree = "<group>"; };
		8336CE15A3D3E233722DB0C9 /* Pods_BestRamen_BestRamenUITests.framework */ = {isa = PBXFileReference; explicitFileType = wrapper.framework; includeInIndex = 0; path = Pods_BestRamen_BestRamenUITests.framework; sourceTree = BUILT_PRODUCTS_DIR; };
		8EF797D225CE644000AE553C /* GoogleService-Info.plist */ = {isa = PBXFileReference; fileEncoding = 4; lastKnownFileType = text.plist.xml; path = "GoogleService-Info.plist"; sourceTree = "<group>"; };
		8EF797F725CE774F00AE553C /* HomViewModel.swift */ = {isa = PBXFileReference; lastKnownFileType = sourcecode.swift; path = HomViewModel.swift; sourceTree = "<group>"; };
		96D81863365F46BECA80D512 /* Pods-BestRamenTests.release.xcconfig */ = {isa = PBXFileReference; includeInIndex = 1; lastKnownFileType = text.xcconfig; name = "Pods-BestRamenTests.release.xcconfig"; path = "Target Support Files/Pods-BestRamenTests/Pods-BestRamenTests.release.xcconfig"; sourceTree = "<group>"; };
		A937CF1BA8C30F57DD80F28B /* Pods-BestRamen.release.xcconfig */ = {isa = PBXFileReference; includeInIndex = 1; lastKnownFileType = text.xcconfig; name = "Pods-BestRamen.release.xcconfig"; path = "Target Support Files/Pods-BestRamen/Pods-BestRamen.release.xcconfig"; sourceTree = "<group>"; };
		B547C7A975D50E51620D4EBF /* Pods-BestRamen-BestRamenUITests.release.xcconfig */ = {isa = PBXFileReference; includeInIndex = 1; lastKnownFileType = text.xcconfig; name = "Pods-BestRamen-BestRamenUITests.release.xcconfig"; path = "Target Support Files/Pods-BestRamen-BestRamenUITests/Pods-BestRamen-BestRamenUITests.release.xcconfig"; sourceTree = "<group>"; };
		C20CE0C3E208649DDE8D05A9 /* Pods_BestRamen.framework */ = {isa = PBXFileReference; explicitFileType = wrapper.framework; includeInIndex = 0; path = Pods_BestRamen.framework; sourceTree = BUILT_PRODUCTS_DIR; };
		D32C4A38252A5FBD0092F5F4 /* MakePostViewController.swift */ = {isa = PBXFileReference; lastKnownFileType = sourcecode.swift; path = MakePostViewController.swift; sourceTree = "<group>"; };
		D32DF62225346C7400F34A62 /* AddDonePlaceholderTextView.swift */ = {isa = PBXFileReference; lastKnownFileType = sourcecode.swift; path = AddDonePlaceholderTextView.swift; sourceTree = "<group>"; };
		D32DF62725346CF500F34A62 /* AddDoneTextField.swift */ = {isa = PBXFileReference; lastKnownFileType = sourcecode.swift; path = AddDoneTextField.swift; sourceTree = "<group>"; };
		D32DF64F2535F43900F34A62 /* AddDoneSearchBar.swift */ = {isa = PBXFileReference; lastKnownFileType = sourcecode.swift; path = AddDoneSearchBar.swift; sourceTree = SOURCE_ROOT; };
		D337ABB72502666D000C0D1E /* BestRamen.app */ = {isa = PBXFileReference; explicitFileType = wrapper.application; includeInIndex = 0; path = BestRamen.app; sourceTree = BUILT_PRODUCTS_DIR; };
		D337ABBA2502666D000C0D1E /* AppDelegate.swift */ = {isa = PBXFileReference; lastKnownFileType = sourcecode.swift; path = AppDelegate.swift; sourceTree = "<group>"; };
		D337ABBC2502666D000C0D1E /* SceneDelegate.swift */ = {isa = PBXFileReference; lastKnownFileType = sourcecode.swift; path = SceneDelegate.swift; sourceTree = "<group>"; };
		D337ABBE2502666D000C0D1E /* HomeViewController.swift */ = {isa = PBXFileReference; lastKnownFileType = sourcecode.swift; path = HomeViewController.swift; sourceTree = "<group>"; };
		D337ABC02502666D000C0D1E /* SecondViewController.swift */ = {isa = PBXFileReference; lastKnownFileType = sourcecode.swift; path = SecondViewController.swift; sourceTree = "<group>"; };
		D337ABC32502666D000C0D1E /* Base */ = {isa = PBXFileReference; lastKnownFileType = file.storyboard; name = Base; path = Base.lproj/Main.storyboard; sourceTree = "<group>"; };
		D337ABC525026673000C0D1E /* Assets.xcassets */ = {isa = PBXFileReference; lastKnownFileType = folder.assetcatalog; path = Assets.xcassets; sourceTree = "<group>"; };
		D337ABC825026673000C0D1E /* Base */ = {isa = PBXFileReference; lastKnownFileType = file.storyboard; name = Base; path = Base.lproj/LaunchScreen.storyboard; sourceTree = "<group>"; };
		D337ABCA25026673000C0D1E /* Info.plist */ = {isa = PBXFileReference; lastKnownFileType = text.plist.xml; path = Info.plist; sourceTree = "<group>"; };
		D337ABCF25026673000C0D1E /* BestRamenTests.xctest */ = {isa = PBXFileReference; explicitFileType = wrapper.cfbundle; includeInIndex = 0; path = BestRamenTests.xctest; sourceTree = BUILT_PRODUCTS_DIR; };
		D337ABD325026673000C0D1E /* BestRamenTests.swift */ = {isa = PBXFileReference; lastKnownFileType = sourcecode.swift; path = BestRamenTests.swift; sourceTree = "<group>"; };
		D337ABD525026673000C0D1E /* Info.plist */ = {isa = PBXFileReference; lastKnownFileType = text.plist.xml; path = Info.plist; sourceTree = "<group>"; };
		D337ABDA25026673000C0D1E /* BestRamenUITests.xctest */ = {isa = PBXFileReference; explicitFileType = wrapper.cfbundle; includeInIndex = 0; path = BestRamenUITests.xctest; sourceTree = BUILT_PRODUCTS_DIR; };
		D337ABDE25026673000C0D1E /* BestRamenUITests.swift */ = {isa = PBXFileReference; lastKnownFileType = sourcecode.swift; path = BestRamenUITests.swift; sourceTree = "<group>"; };
		D337ABE025026673000C0D1E /* Info.plist */ = {isa = PBXFileReference; lastKnownFileType = text.plist.xml; path = Info.plist; sourceTree = "<group>"; };
		D33D66C52521B3BA00A1A28D /* SemiModalViewController.swift */ = {isa = PBXFileReference; lastKnownFileType = sourcecode.swift; name = SemiModalViewController.swift; path = BestRamen/ViewController/SemiModalViewController.swift; sourceTree = SOURCE_ROOT; };
		D3423170251A51E2004E8A0F /* CustomCollectionViewCell.swift */ = {isa = PBXFileReference; lastKnownFileType = sourcecode.swift; path = CustomCollectionViewCell.swift; sourceTree = "<group>"; };
		D3423171251A51E2004E8A0F /* CustomCollectionViewCell.xib */ = {isa = PBXFileReference; lastKnownFileType = file.xib; path = CustomCollectionViewCell.xib; sourceTree = "<group>"; };
		D359AB8F2521BC87001C3213 /* CustomFloatingPanelLayout.swift */ = {isa = PBXFileReference; lastKnownFileType = sourcecode.swift; path = CustomFloatingPanelLayout.swift; sourceTree = "<group>"; };
		D368C01A251B4A4F0062BED0 /* FollowListTableViewCell.swift */ = {isa = PBXFileReference; lastKnownFileType = sourcecode.swift; path = FollowListTableViewCell.swift; sourceTree = "<group>"; };
		D368C01B251B4A4F0062BED0 /* FollowListTableViewCell.xib */ = {isa = PBXFileReference; lastKnownFileType = file.xib; path = FollowListTableViewCell.xib; sourceTree = "<group>"; };
		D368C021251B4B7C0062BED0 /* FollowListViewController.swift */ = {isa = PBXFileReference; lastKnownFileType = sourcecode.swift; name = FollowListViewController.swift; path = BestRamen/ViewController/FollowListViewController.swift; sourceTree = SOURCE_ROOT; };
		D375B6572503333500F511D0 /* CustomTableViewCell.swift */ = {isa = PBXFileReference; lastKnownFileType = sourcecode.swift; path = CustomTableViewCell.swift; sourceTree = "<group>"; };
		D375B6582503333500F511D0 /* CustomTableViewCell.xib */ = {isa = PBXFileReference; lastKnownFileType = file.xib; path = CustomTableViewCell.xib; sourceTree = "<group>"; };
		D375B66825065A5E00F511D0 /* PostViewController.swift */ = {isa = PBXFileReference; lastKnownFileType = sourcecode.swift; path = PostViewController.swift; sourceTree = "<group>"; };
		D390231325068DCD00C13328 /* UserPageViewController.swift */ = {isa = PBXFileReference; lastKnownFileType = sourcecode.swift; path = UserPageViewController.swift; sourceTree = "<group>"; };
		D390231625068ECA00C13328 /* ShopPageViewController.swift */ = {isa = PBXFileReference; lastKnownFileType = sourcecode.swift; path = ShopPageViewController.swift; sourceTree = "<group>"; };
		D3B218C725259BA30025BC35 /* EditViewController.swift */ = {isa = PBXFileReference; lastKnownFileType = sourcecode.swift; name = EditViewController.swift; path = BestRamen/ViewController/EditViewController.swift; sourceTree = SOURCE_ROOT; };
		D3B218CF25264C1F0025BC35 /* RamenChooseViewController.swift */ = {isa = PBXFileReference; lastKnownFileType = sourcecode.swift; name = RamenChooseViewController.swift; path = BestRamen/ViewController/RamenChooseViewController.swift; sourceTree = SOURCE_ROOT; };
		D3B218E1252657130025BC35 /* SecondCustomTableViewCell.swift */ = {isa = PBXFileReference; lastKnownFileType = sourcecode.swift; path = SecondCustomTableViewCell.swift; sourceTree = "<group>"; };
		D3B218E2252657130025BC35 /* SecondCustomTableViewCell.xib */ = {isa = PBXFileReference; lastKnownFileType = file.xib; path = SecondCustomTableViewCell.xib; sourceTree = "<group>"; };
		D3F17FAD2535F9210048715D /* CustomNavigationController.swift */ = {isa = PBXFileReference; lastKnownFileType = sourcecode.swift; path = CustomNavigationController.swift; sourceTree = "<group>"; };
		D53BD9C125E5278900E03845 /* Post.swift */ = {isa = PBXFileReference; lastKnownFileType = sourcecode.swift; path = Post.swift; sourceTree = "<group>"; };
		D55CF46526287611005D35E2 /* ShopViewModel.swift */ = {isa = PBXFileReference; lastKnownFileType = sourcecode.swift; path = ShopViewModel.swift; sourceTree = "<group>"; };
		D55CF476262895AC005D35E2 /* UserViewModel.swift */ = {isa = PBXFileReference; lastKnownFileType = sourcecode.swift; path = UserViewModel.swift; sourceTree = "<group>"; };
		D55E859A2625A67D009860BA /* HomeRow.swift */ = {isa = PBXFileReference; lastKnownFileType = sourcecode.swift; path = HomeRow.swift; sourceTree = "<group>"; };
		D55E86042625C3A6009860BA /* SignInView.swift */ = {isa = PBXFileReference; lastKnownFileType = sourcecode.swift; path = SignInView.swift; sourceTree = "<group>"; };
		D55E86092625C441009860BA /* GoogleSignInButton.swift */ = {isa = PBXFileReference; lastKnownFileType = sourcecode.swift; path = GoogleSignInButton.swift; sourceTree = "<group>"; };
		D55E860E2625CEC2009860BA /* PostView.swift */ = {isa = PBXFileReference; lastKnownFileType = sourcecode.swift; path = PostView.swift; sourceTree = "<group>"; };
		D55E86132625D096009860BA /* ShopView.swift */ = {isa = PBXFileReference; lastKnownFileType = sourcecode.swift; path = ShopView.swift; sourceTree = "<group>"; };
		D55E861C2625D4D6009860BA /* FollowListView.swift */ = {isa = PBXFileReference; lastKnownFileType = sourcecode.swift; path = FollowListView.swift; sourceTree = "<group>"; };
		D55E86212625E5CC009860BA /* CreatePostView.swift */ = {isa = PBXFileReference; lastKnownFileType = sourcecode.swift; path = CreatePostView.swift; sourceTree = "<group>"; };
		D55E86262625E665009860BA /* EditProfileView.swift */ = {isa = PBXFileReference; lastKnownFileType = sourcecode.swift; path = EditProfileView.swift; sourceTree = "<group>"; };
		D55E86312625F379009860BA /* AppState.swift */ = {isa = PBXFileReference; lastKnownFileType = sourcecode.swift; path = AppState.swift; sourceTree = "<group>"; };
		D55E86362625F56B009860BA /* EditProfileViewModel.swift */ = {isa = PBXFileReference; lastKnownFileType = sourcecode.swift; path = EditProfileViewModel.swift; sourceTree = "<group>"; };
		D56A6FB4262492970009A7C4 /* ContentView.swift */ = {isa = PBXFileReference; lastKnownFileType = sourcecode.swift; path = ContentView.swift; sourceTree = "<group>"; };
		D56A6FB92624969B0009A7C4 /* HomeView.swift */ = {isa = PBXFileReference; lastKnownFileType = sourcecode.swift; path = HomeView.swift; sourceTree = "<group>"; };
		D56A6FBE262496DE0009A7C4 /* UserView.swift */ = {isa = PBXFileReference; lastKnownFileType = sourcecode.swift; path = UserView.swift; sourceTree = "<group>"; };
		D56A6FC3262497440009A7C4 /* MapView.swift */ = {isa = PBXFileReference; lastKnownFileType = sourcecode.swift; path = MapView.swift; sourceTree = "<group>"; };
		D570E85E262DD59F008FCFAF /* GoogleDelegate.swift */ = {isa = PBXFileReference; lastKnownFileType = sourcecode.swift; path = GoogleDelegate.swift; sourceTree = "<group>"; };
		D570E869262DE8B4008FCFAF /* FollowListViewModel.swift */ = {isa = PBXFileReference; lastKnownFileType = sourcecode.swift; path = FollowListViewModel.swift; sourceTree = "<group>"; };
		D570E86E262E63C6008FCFAF /* HomeRowViewModel.swift */ = {isa = PBXFileReference; lastKnownFileType = sourcecode.swift; path = HomeRowViewModel.swift; sourceTree = "<group>"; };
		D570E8A4262EA75F008FCFAF /* Relationships.swift */ = {isa = PBXFileReference; lastKnownFileType = sourcecode.swift; path = Relationships.swift; sourceTree = "<group>"; };
		D570E8B5262F2879008FCFAF /* View+Extension.swift */ = {isa = PBXFileReference; lastKnownFileType = sourcecode.swift; path = "View+Extension.swift"; sourceTree = "<group>"; };
		D5C3A7B726137DB90048F610 /* FirebaseManeger.swift */ = {isa = PBXFileReference; lastKnownFileType = sourcecode.swift; path = FirebaseManeger.swift; sourceTree = "<group>"; };
		D5D3AF5C25E52EA800CE6C50 /* User.swift */ = {isa = PBXFileReference; lastKnownFileType = sourcecode.swift; path = User.swift; sourceTree = "<group>"; };
		D5D3AF6125E52EBD00CE6C50 /* Shop.swift */ = {isa = PBXFileReference; lastKnownFileType = sourcecode.swift; path = Shop.swift; sourceTree = "<group>"; };
		D5D3AF6E25E5320400CE6C50 /* PostViewModel.swift */ = {isa = PBXFileReference; lastKnownFileType = sourcecode.swift; path = PostViewModel.swift; sourceTree = "<group>"; };
		EBB13ADE04C2392F1334FFF3 /* Pods-BestRamen-BestRamenUITests.debug.xcconfig */ = {isa = PBXFileReference; includeInIndex = 1; lastKnownFileType = text.xcconfig; name = "Pods-BestRamen-BestRamenUITests.debug.xcconfig"; path = "Target Support Files/Pods-BestRamen-BestRamenUITests/Pods-BestRamen-BestRamenUITests.debug.xcconfig"; sourceTree = "<group>"; };
/* End PBXFileReference section */

/* Begin PBXFrameworksBuildPhase section */
		D337ABB42502666D000C0D1E /* Frameworks */ = {
			isa = PBXFrameworksBuildPhase;
			buildActionMask = 2147483647;
			files = (
				4715CD3AD31730B51D1ED83A /* Pods_BestRamen.framework in Frameworks */,
			);
			runOnlyForDeploymentPostprocessing = 0;
		};
		D337ABCC25026673000C0D1E /* Frameworks */ = {
			isa = PBXFrameworksBuildPhase;
			buildActionMask = 2147483647;
			files = (
				5213C03BC7FA25859BE3871E /* Pods_BestRamenTests.framework in Frameworks */,
			);
			runOnlyForDeploymentPostprocessing = 0;
		};
		D337ABD725026673000C0D1E /* Frameworks */ = {
			isa = PBXFrameworksBuildPhase;
			buildActionMask = 2147483647;
			files = (
				1C6B5C944ADDF8B22E38565A /* Pods_BestRamen_BestRamenUITests.framework in Frameworks */,
			);
			runOnlyForDeploymentPostprocessing = 0;
		};
/* End PBXFrameworksBuildPhase section */

/* Begin PBXGroup section */
		8A38142E8A35AB6181FFB691 /* Frameworks */ = {
			isa = PBXGroup;
			children = (
				C20CE0C3E208649DDE8D05A9 /* Pods_BestRamen.framework */,
				8336CE15A3D3E233722DB0C9 /* Pods_BestRamen_BestRamenUITests.framework */,
				1E2AA6F4CC7B889794D4F271 /* Pods_BestRamenTests.framework */,
			);
			name = Frameworks;
			sourceTree = "<group>";
		};
		8EF797F625CE76BC00AE553C /* ViewModel */ = {
			isa = PBXGroup;
			children = (
				8EF797F725CE774F00AE553C /* HomViewModel.swift */,
				D5D3AF6E25E5320400CE6C50 /* PostViewModel.swift */,
				D55E86362625F56B009860BA /* EditProfileViewModel.swift */,
				D55CF46526287611005D35E2 /* ShopViewModel.swift */,
				D55CF476262895AC005D35E2 /* UserViewModel.swift */,
				D570E869262DE8B4008FCFAF /* FollowListViewModel.swift */,
				D570E86E262E63C6008FCFAF /* HomeRowViewModel.swift */,
			);
			path = ViewModel;
			sourceTree = "<group>";
		};
		8EF797FF25CE775600AE553C /* Model */ = {
			isa = PBXGroup;
			children = (
				D5C3A7B626137D3E0048F610 /* Entity */,
				D5C3A7B726137DB90048F610 /* FirebaseManeger.swift */,
				D55E86312625F379009860BA /* AppState.swift */,
			);
			path = Model;
			sourceTree = "<group>";
		};
		D337ABAE2502666D000C0D1E = {
			isa = PBXGroup;
			children = (
				D337ABB92502666D000C0D1E /* BestRamen */,
				D337ABD225026673000C0D1E /* BestRamenTests */,
				D337ABDD25026673000C0D1E /* BestRamenUITests */,
				D337ABB82502666D000C0D1E /* Products */,
				DF6935385E923622FB6C4B5C /* Pods */,
				8A38142E8A35AB6181FFB691 /* Frameworks */,
			);
			sourceTree = "<group>";
		};
		D337ABB82502666D000C0D1E /* Products */ = {
			isa = PBXGroup;
			children = (
				D337ABB72502666D000C0D1E /* BestRamen.app */,
				D337ABCF25026673000C0D1E /* BestRamenTests.xctest */,
				D337ABDA25026673000C0D1E /* BestRamenUITests.xctest */,
			);
			name = Products;
			sourceTree = "<group>";
		};
		D337ABB92502666D000C0D1E /* BestRamen */ = {
			isa = PBXGroup;
			children = (
				D570E8AE262F284F008FCFAF /* Extensions */,
				D56A6FB3262491ED0009A7C4 /* View */,
				8EF797F625CE76BC00AE553C /* ViewModel */,
				D390231525068DF300C13328 /* ViewController */,
				8EF797FF25CE775600AE553C /* Model */,
				8EF797D225CE644000AE553C /* GoogleService-Info.plist */,
				D32DF64F2535F43900F34A62 /* AddDoneSearchBar.swift */,
				D32DF62725346CF500F34A62 /* AddDoneTextField.swift */,
				D32DF62225346C7400F34A62 /* AddDonePlaceholderTextView.swift */,
				D337ABC22502666D000C0D1E /* Main.storyboard */,
				D359AB8F2521BC87001C3213 /* CustomFloatingPanelLayout.swift */,
				D337ABBA2502666D000C0D1E /* AppDelegate.swift */,
				D570E85E262DD59F008FCFAF /* GoogleDelegate.swift */,
				D337ABBC2502666D000C0D1E /* SceneDelegate.swift */,
				D359AB972521BCBB001C3213 /* customCell */,
				D337ABC525026673000C0D1E /* Assets.xcassets */,
				D3F17FAD2535F9210048715D /* CustomNavigationController.swift */,
				D337ABC725026673000C0D1E /* LaunchScreen.storyboard */,
				D337ABCA25026673000C0D1E /* Info.plist */,
			);
			path = BestRamen;
			sourceTree = "<group>";
		};
		D337ABD225026673000C0D1E /* BestRamenTests */ = {
			isa = PBXGroup;
			children = (
				D337ABD325026673000C0D1E /* BestRamenTests.swift */,
				D337ABD525026673000C0D1E /* Info.plist */,
			);
			path = BestRamenTests;
			sourceTree = "<group>";
		};
		D337ABDD25026673000C0D1E /* BestRamenUITests */ = {
			isa = PBXGroup;
			children = (
				D337ABDE25026673000C0D1E /* BestRamenUITests.swift */,
				D337ABE025026673000C0D1E /* Info.plist */,
			);
			path = BestRamenUITests;
			sourceTree = "<group>";
		};
		D359AB972521BCBB001C3213 /* customCell */ = {
			isa = PBXGroup;
			children = (
				D368C01A251B4A4F0062BED0 /* FollowListTableViewCell.swift */,
				D368C01B251B4A4F0062BED0 /* FollowListTableViewCell.xib */,
				D375B6572503333500F511D0 /* CustomTableViewCell.swift */,
				D375B6582503333500F511D0 /* CustomTableViewCell.xib */,
				D3B218E1252657130025BC35 /* SecondCustomTableViewCell.swift */,
				D3B218E2252657130025BC35 /* SecondCustomTableViewCell.xib */,
				D3423170251A51E2004E8A0F /* CustomCollectionViewCell.swift */,
				D3423171251A51E2004E8A0F /* CustomCollectionViewCell.xib */,
			);
			path = customCell;
			sourceTree = "<group>";
		};
		D390231525068DF300C13328 /* ViewController */ = {
			isa = PBXGroup;
			children = (
				D337ABBE2502666D000C0D1E /* HomeViewController.swift */,
				D390231625068ECA00C13328 /* ShopPageViewController.swift */,
				D375B66825065A5E00F511D0 /* PostViewController.swift */,
				D368C021251B4B7C0062BED0 /* FollowListViewController.swift */,
				D337ABC02502666D000C0D1E /* SecondViewController.swift */,
				D33D66C52521B3BA00A1A28D /* SemiModalViewController.swift */,
				D390231325068DCD00C13328 /* UserPageViewController.swift */,
				D32C4A38252A5FBD0092F5F4 /* MakePostViewController.swift */,
				D3B218C725259BA30025BC35 /* EditViewController.swift */,
				D3B218CF25264C1F0025BC35 /* RamenChooseViewController.swift */,
			);
			path = ViewController;
			sourceTree = "<group>";
		};
		D55E86182625D0B9009860BA /* Component */ = {
			isa = PBXGroup;
			children = (
				D55E86092625C441009860BA /* GoogleSignInButton.swift */,
				D55E859A2625A67D009860BA /* HomeRow.swift */,
			);
			path = Component;
			sourceTree = "<group>";
		};
		D56A6FB3262491ED0009A7C4 /* View */ = {
			isa = PBXGroup;
			children = (
				D55E86182625D0B9009860BA /* Component */,
				D56A6FB4262492970009A7C4 /* ContentView.swift */,
				D56A6FB92624969B0009A7C4 /* HomeView.swift */,
				D56A6FBE262496DE0009A7C4 /* UserView.swift */,
				D56A6FC3262497440009A7C4 /* MapView.swift */,
				D55E86042625C3A6009860BA /* SignInView.swift */,
				D55E860E2625CEC2009860BA /* PostView.swift */,
				D55E86132625D096009860BA /* ShopView.swift */,
				D55E861C2625D4D6009860BA /* FollowListView.swift */,
				D55E86262625E665009860BA /* EditProfileView.swift */,
				D55E86212625E5CC009860BA /* CreatePostView.swift */,
			);
			path = View;
			sourceTree = "<group>";
		};
		D570E8AE262F284F008FCFAF /* Extensions */ = {
			isa = PBXGroup;
			children = (
				D570E8B5262F2879008FCFAF /* View+Extension.swift */,
			);
			path = Extensions;
			sourceTree = "<group>";
		};
		D5C3A7B626137D3E0048F610 /* Entity */ = {
			isa = PBXGroup;
			children = (
				D53BD9C125E5278900E03845 /* Post.swift */,
				D5D3AF5C25E52EA800CE6C50 /* User.swift */,
				D5D3AF6125E52EBD00CE6C50 /* Shop.swift */,
				D570E8A4262EA75F008FCFAF /* Relationships.swift */,
			);
			path = Entity;
			sourceTree = "<group>";
		};
		DF6935385E923622FB6C4B5C /* Pods */ = {
			isa = PBXGroup;
			children = (
				72ADB7F0616ABEADEB86288F /* Pods-BestRamen.debug.xcconfig */,
				A937CF1BA8C30F57DD80F28B /* Pods-BestRamen.release.xcconfig */,
				EBB13ADE04C2392F1334FFF3 /* Pods-BestRamen-BestRamenUITests.debug.xcconfig */,
				B547C7A975D50E51620D4EBF /* Pods-BestRamen-BestRamenUITests.release.xcconfig */,
				6768BD58C888D905F29B4F5D /* Pods-BestRamenTests.debug.xcconfig */,
				96D81863365F46BECA80D512 /* Pods-BestRamenTests.release.xcconfig */,
			);
			path = Pods;
			sourceTree = "<group>";
		};
/* End PBXGroup section */

/* Begin PBXNativeTarget section */
		D337ABB62502666D000C0D1E /* BestRamen */ = {
			isa = PBXNativeTarget;
			buildConfigurationList = D337ABE325026673000C0D1E /* Build configuration list for PBXNativeTarget "BestRamen" */;
			buildPhases = (
				8F15181452EA28931F66519C /* [CP] Check Pods Manifest.lock */,
				D337ABB32502666D000C0D1E /* Sources */,
				D337ABB42502666D000C0D1E /* Frameworks */,
				D337ABB52502666D000C0D1E /* Resources */,
				7EE571761427E5CDF262874E /* [CP] Embed Pods Frameworks */,
				CF51C73C34C4B1F0B2C74D27 /* [CP] Copy Pods Resources */,
			);
			buildRules = (
			);
			dependencies = (
			);
			name = BestRamen;
			productName = BestRamen;
			productReference = D337ABB72502666D000C0D1E /* BestRamen.app */;
			productType = "com.apple.product-type.application";
		};
		D337ABCE25026673000C0D1E /* BestRamenTests */ = {
			isa = PBXNativeTarget;
			buildConfigurationList = D337ABE625026673000C0D1E /* Build configuration list for PBXNativeTarget "BestRamenTests" */;
			buildPhases = (
				0E1A9E81AE06AA214DE68E73 /* [CP] Check Pods Manifest.lock */,
				D337ABCB25026673000C0D1E /* Sources */,
				D337ABCC25026673000C0D1E /* Frameworks */,
				D337ABCD25026673000C0D1E /* Resources */,
			);
			buildRules = (
			);
			dependencies = (
				D337ABD125026673000C0D1E /* PBXTargetDependency */,
			);
			name = BestRamenTests;
			productName = BestRamenTests;
			productReference = D337ABCF25026673000C0D1E /* BestRamenTests.xctest */;
			productType = "com.apple.product-type.bundle.unit-test";
		};
		D337ABD925026673000C0D1E /* BestRamenUITests */ = {
			isa = PBXNativeTarget;
			buildConfigurationList = D337ABE925026673000C0D1E /* Build configuration list for PBXNativeTarget "BestRamenUITests" */;
			buildPhases = (
				D4FFE77A022A68F8B26BAF42 /* [CP] Check Pods Manifest.lock */,
				D337ABD625026673000C0D1E /* Sources */,
				D337ABD725026673000C0D1E /* Frameworks */,
				D337ABD825026673000C0D1E /* Resources */,
				FCD6360AD3836CD260FE4910 /* [CP] Embed Pods Frameworks */,
				DC473488D8594E09E089F8F1 /* [CP] Copy Pods Resources */,
			);
			buildRules = (
			);
			dependencies = (
				D337ABDC25026673000C0D1E /* PBXTargetDependency */,
			);
			name = BestRamenUITests;
			productName = BestRamenUITests;
			productReference = D337ABDA25026673000C0D1E /* BestRamenUITests.xctest */;
			productType = "com.apple.product-type.bundle.ui-testing";
		};
/* End PBXNativeTarget section */

/* Begin PBXProject section */
		D337ABAF2502666D000C0D1E /* Project object */ = {
			isa = PBXProject;
			attributes = {
				LastSwiftUpdateCheck = 1170;
				LastUpgradeCheck = 1200;
				ORGANIZATIONNAME = "Taisei Hikawa";
				TargetAttributes = {
					D337ABB62502666D000C0D1E = {
						CreatedOnToolsVersion = 11.7;
					};
					D337ABCE25026673000C0D1E = {
						CreatedOnToolsVersion = 11.7;
						TestTargetID = D337ABB62502666D000C0D1E;
					};
					D337ABD925026673000C0D1E = {
						CreatedOnToolsVersion = 11.7;
						TestTargetID = D337ABB62502666D000C0D1E;
					};
				};
			};
			buildConfigurationList = D337ABB22502666D000C0D1E /* Build configuration list for PBXProject "BestRamen" */;
			compatibilityVersion = "Xcode 9.3";
			developmentRegion = en;
			hasScannedForEncodings = 0;
			knownRegions = (
				en,
				Base,
			);
			mainGroup = D337ABAE2502666D000C0D1E;
			productRefGroup = D337ABB82502666D000C0D1E /* Products */;
			projectDirPath = "";
			projectRoot = "";
			targets = (
				D337ABB62502666D000C0D1E /* BestRamen */,
				D337ABCE25026673000C0D1E /* BestRamenTests */,
				D337ABD925026673000C0D1E /* BestRamenUITests */,
			);
		};
/* End PBXProject section */

/* Begin PBXResourcesBuildPhase section */
		D337ABB52502666D000C0D1E /* Resources */ = {
			isa = PBXResourcesBuildPhase;
			buildActionMask = 2147483647;
			files = (
				D3B218E4252657130025BC35 /* SecondCustomTableViewCell.xib in Resources */,
				D337ABC925026673000C0D1E /* LaunchScreen.storyboard in Resources */,
				8EF797D325CE644000AE553C /* GoogleService-Info.plist in Resources */,
				D368C01D251B4A500062BED0 /* FollowListTableViewCell.xib in Resources */,
				D3423173251A51E2004E8A0F /* CustomCollectionViewCell.xib in Resources */,
				D337ABC625026673000C0D1E /* Assets.xcassets in Resources */,
				D375B65A2503333500F511D0 /* CustomTableViewCell.xib in Resources */,
				D337ABC42502666D000C0D1E /* Main.storyboard in Resources */,
			);
			runOnlyForDeploymentPostprocessing = 0;
		};
		D337ABCD25026673000C0D1E /* Resources */ = {
			isa = PBXResourcesBuildPhase;
			buildActionMask = 2147483647;
			files = (
			);
			runOnlyForDeploymentPostprocessing = 0;
		};
		D337ABD825026673000C0D1E /* Resources */ = {
			isa = PBXResourcesBuildPhase;
			buildActionMask = 2147483647;
			files = (
			);
			runOnlyForDeploymentPostprocessing = 0;
		};
/* End PBXResourcesBuildPhase section */

/* Begin PBXShellScriptBuildPhase section */
		0E1A9E81AE06AA214DE68E73 /* [CP] Check Pods Manifest.lock */ = {
			isa = PBXShellScriptBuildPhase;
			buildActionMask = 2147483647;
			files = (
			);
			inputFileListPaths = (
			);
			inputPaths = (
				"${PODS_PODFILE_DIR_PATH}/Podfile.lock",
				"${PODS_ROOT}/Manifest.lock",
			);
			name = "[CP] Check Pods Manifest.lock";
			outputFileListPaths = (
			);
			outputPaths = (
				"$(DERIVED_FILE_DIR)/Pods-BestRamenTests-checkManifestLockResult.txt",
			);
			runOnlyForDeploymentPostprocessing = 0;
			shellPath = /bin/sh;
			shellScript = "diff \"${PODS_PODFILE_DIR_PATH}/Podfile.lock\" \"${PODS_ROOT}/Manifest.lock\" > /dev/null\nif [ $? != 0 ] ; then\n    # print error to STDERR\n    echo \"error: The sandbox is not in sync with the Podfile.lock. Run 'pod install' or update your CocoaPods installation.\" >&2\n    exit 1\nfi\n# This output is used by Xcode 'outputs' to avoid re-running this script phase.\necho \"SUCCESS\" > \"${SCRIPT_OUTPUT_FILE_0}\"\n";
			showEnvVarsInLog = 0;
		};
		7EE571761427E5CDF262874E /* [CP] Embed Pods Frameworks */ = {
			isa = PBXShellScriptBuildPhase;
			buildActionMask = 2147483647;
			files = (
			);
			inputFileListPaths = (
				"${PODS_ROOT}/Target Support Files/Pods-BestRamen/Pods-BestRamen-frameworks-${CONFIGURATION}-input-files.xcfilelist",
			);
			name = "[CP] Embed Pods Frameworks";
			outputFileListPaths = (
				"${PODS_ROOT}/Target Support Files/Pods-BestRamen/Pods-BestRamen-frameworks-${CONFIGURATION}-output-files.xcfilelist",
			);
			runOnlyForDeploymentPostprocessing = 0;
			shellPath = /bin/sh;
			shellScript = "\"${PODS_ROOT}/Target Support Files/Pods-BestRamen/Pods-BestRamen-frameworks.sh\"\n";
			showEnvVarsInLog = 0;
		};
		8F15181452EA28931F66519C /* [CP] Check Pods Manifest.lock */ = {
			isa = PBXShellScriptBuildPhase;
			buildActionMask = 2147483647;
			files = (
			);
			inputFileListPaths = (
			);
			inputPaths = (
				"${PODS_PODFILE_DIR_PATH}/Podfile.lock",
				"${PODS_ROOT}/Manifest.lock",
			);
			name = "[CP] Check Pods Manifest.lock";
			outputFileListPaths = (
			);
			outputPaths = (
				"$(DERIVED_FILE_DIR)/Pods-BestRamen-checkManifestLockResult.txt",
			);
			runOnlyForDeploymentPostprocessing = 0;
			shellPath = /bin/sh;
			shellScript = "diff \"${PODS_PODFILE_DIR_PATH}/Podfile.lock\" \"${PODS_ROOT}/Manifest.lock\" > /dev/null\nif [ $? != 0 ] ; then\n    # print error to STDERR\n    echo \"error: The sandbox is not in sync with the Podfile.lock. Run 'pod install' or update your CocoaPods installation.\" >&2\n    exit 1\nfi\n# This output is used by Xcode 'outputs' to avoid re-running this script phase.\necho \"SUCCESS\" > \"${SCRIPT_OUTPUT_FILE_0}\"\n";
			showEnvVarsInLog = 0;
		};
		CF51C73C34C4B1F0B2C74D27 /* [CP] Copy Pods Resources */ = {
			isa = PBXShellScriptBuildPhase;
			buildActionMask = 2147483647;
			files = (
			);
			inputFileListPaths = (
				"${PODS_ROOT}/Target Support Files/Pods-BestRamen/Pods-BestRamen-resources-${CONFIGURATION}-input-files.xcfilelist",
			);
			name = "[CP] Copy Pods Resources";
			outputFileListPaths = (
				"${PODS_ROOT}/Target Support Files/Pods-BestRamen/Pods-BestRamen-resources-${CONFIGURATION}-output-files.xcfilelist",
			);
			runOnlyForDeploymentPostprocessing = 0;
			shellPath = /bin/sh;
			shellScript = "\"${PODS_ROOT}/Target Support Files/Pods-BestRamen/Pods-BestRamen-resources.sh\"\n";
			showEnvVarsInLog = 0;
		};
		D4FFE77A022A68F8B26BAF42 /* [CP] Check Pods Manifest.lock */ = {
			isa = PBXShellScriptBuildPhase;
			buildActionMask = 2147483647;
			files = (
			);
			inputFileListPaths = (
			);
			inputPaths = (
				"${PODS_PODFILE_DIR_PATH}/Podfile.lock",
				"${PODS_ROOT}/Manifest.lock",
			);
			name = "[CP] Check Pods Manifest.lock";
			outputFileListPaths = (
			);
			outputPaths = (
				"$(DERIVED_FILE_DIR)/Pods-BestRamen-BestRamenUITests-checkManifestLockResult.txt",
			);
			runOnlyForDeploymentPostprocessing = 0;
			shellPath = /bin/sh;
			shellScript = "diff \"${PODS_PODFILE_DIR_PATH}/Podfile.lock\" \"${PODS_ROOT}/Manifest.lock\" > /dev/null\nif [ $? != 0 ] ; then\n    # print error to STDERR\n    echo \"error: The sandbox is not in sync with the Podfile.lock. Run 'pod install' or update your CocoaPods installation.\" >&2\n    exit 1\nfi\n# This output is used by Xcode 'outputs' to avoid re-running this script phase.\necho \"SUCCESS\" > \"${SCRIPT_OUTPUT_FILE_0}\"\n";
			showEnvVarsInLog = 0;
		};
		DC473488D8594E09E089F8F1 /* [CP] Copy Pods Resources */ = {
			isa = PBXShellScriptBuildPhase;
			buildActionMask = 2147483647;
			files = (
			);
			inputFileListPaths = (
				"${PODS_ROOT}/Target Support Files/Pods-BestRamen-BestRamenUITests/Pods-BestRamen-BestRamenUITests-resources-${CONFIGURATION}-input-files.xcfilelist",
			);
			name = "[CP] Copy Pods Resources";
			outputFileListPaths = (
				"${PODS_ROOT}/Target Support Files/Pods-BestRamen-BestRamenUITests/Pods-BestRamen-BestRamenUITests-resources-${CONFIGURATION}-output-files.xcfilelist",
			);
			runOnlyForDeploymentPostprocessing = 0;
			shellPath = /bin/sh;
			shellScript = "\"${PODS_ROOT}/Target Support Files/Pods-BestRamen-BestRamenUITests/Pods-BestRamen-BestRamenUITests-resources.sh\"\n";
			showEnvVarsInLog = 0;
		};
		FCD6360AD3836CD260FE4910 /* [CP] Embed Pods Frameworks */ = {
			isa = PBXShellScriptBuildPhase;
			buildActionMask = 2147483647;
			files = (
			);
			inputFileListPaths = (
				"${PODS_ROOT}/Target Support Files/Pods-BestRamen-BestRamenUITests/Pods-BestRamen-BestRamenUITests-frameworks-${CONFIGURATION}-input-files.xcfilelist",
			);
			name = "[CP] Embed Pods Frameworks";
			outputFileListPaths = (
				"${PODS_ROOT}/Target Support Files/Pods-BestRamen-BestRamenUITests/Pods-BestRamen-BestRamenUITests-frameworks-${CONFIGURATION}-output-files.xcfilelist",
			);
			runOnlyForDeploymentPostprocessing = 0;
			shellPath = /bin/sh;
			shellScript = "\"${PODS_ROOT}/Target Support Files/Pods-BestRamen-BestRamenUITests/Pods-BestRamen-BestRamenUITests-frameworks.sh\"\n";
			showEnvVarsInLog = 0;
		};
/* End PBXShellScriptBuildPhase section */

/* Begin PBXSourcesBuildPhase section */
		D337ABB32502666D000C0D1E /* Sources */ = {
			isa = PBXSourcesBuildPhase;
			buildActionMask = 2147483647;
			files = (
				D570E86A262DE8B4008FCFAF /* FollowListViewModel.swift in Sources */,
				D375B66925065A5E00F511D0 /* PostViewController.swift in Sources */,
				D337ABC12502666D000C0D1E /* SecondViewController.swift in Sources */,
				D390231425068DCE00C13328 /* UserPageViewController.swift in Sources */,
				D56A6FBF262496DE0009A7C4 /* UserView.swift in Sources */,
				D55E86142625D096009860BA /* ShopView.swift in Sources */,
				D55CF477262895AC005D35E2 /* UserViewModel.swift in Sources */,
				D55E860A2625C441009860BA /* GoogleSignInButton.swift in Sources */,
				D5D3AF5D25E52EA800CE6C50 /* User.swift in Sources */,
				D570E8A5262EA75F008FCFAF /* Relationships.swift in Sources */,
				D53BD9C225E5278900E03845 /* Post.swift in Sources */,
				D337ABBF2502666D000C0D1E /* HomeViewController.swift in Sources */,
				D3B218E3252657130025BC35 /* SecondCustomTableViewCell.swift in Sources */,
				D55E860F2625CEC2009860BA /* PostView.swift in Sources */,
				D390231725068ECA00C13328 /* ShopPageViewController.swift in Sources */,
				D5C3A7B826137DB90048F610 /* FirebaseManeger.swift in Sources */,
				D5D3AF6F25E5320400CE6C50 /* PostViewModel.swift in Sources */,
				D570E85F262DD59F008FCFAF /* GoogleDelegate.swift in Sources */,
				D55E86322625F379009860BA /* AppState.swift in Sources */,
				D3F17FAE2535F9210048715D /* CustomNavigationController.swift in Sources */,
				D32DF62825346CF500F34A62 /* AddDoneTextField.swift in Sources */,
				D3B218C825259BA30025BC35 /* EditViewController.swift in Sources */,
				D375B6592503333500F511D0 /* CustomTableViewCell.swift in Sources */,
				D32C4A39252A5FBD0092F5F4 /* MakePostViewController.swift in Sources */,
				D55CF46626287612005D35E2 /* ShopViewModel.swift in Sources */,
				D3B218D025264C1F0025BC35 /* RamenChooseViewController.swift in Sources */,
				D55E86222625E5CC009860BA /* CreatePostView.swift in Sources */,
				D56A6FBA2624969B0009A7C4 /* HomeView.swift in Sources */,
				D337ABBB2502666D000C0D1E /* AppDelegate.swift in Sources */,
				8EF797F825CE774F00AE553C /* HomViewModel.swift in Sources */,
				D33D66C62521B3BA00A1A28D /* SemiModalViewController.swift in Sources */,
				D55E86272625E665009860BA /* EditProfileView.swift in Sources */,
				D337ABBD2502666D000C0D1E /* SceneDelegate.swift in Sources */,
				D570E86F262E63C6008FCFAF /* HomeRowViewModel.swift in Sources */,
				D570E8B6262F2879008FCFAF /* View+Extension.swift in Sources */,
				D359AB902521BC88001C3213 /* CustomFloatingPanelLayout.swift in Sources */,
				D368C01C251B4A500062BED0 /* FollowListTableViewCell.swift in Sources */,
				D55E86372625F56B009860BA /* EditProfileViewModel.swift in Sources */,
				D56A6FC4262497440009A7C4 /* MapView.swift in Sources */,
				D3423172251A51E2004E8A0F /* CustomCollectionViewCell.swift in Sources */,
				D5D3AF6225E52EBD00CE6C50 /* Shop.swift in Sources */,
				D55E861D2625D4D6009860BA /* FollowListView.swift in Sources */,
				D32DF62325346C7400F34A62 /* AddDonePlaceholderTextView.swift in Sources */,
				D55E86052625C3A6009860BA /* SignInView.swift in Sources */,
				D56A6FB5262492970009A7C4 /* ContentView.swift in Sources */,
				D55E859B2625A67D009860BA /* HomeRow.swift in Sources */,
				D368C022251B4B7C0062BED0 /* FollowListViewController.swift in Sources */,
				D32DF6502535F43900F34A62 /* AddDoneSearchBar.swift in Sources */,
			);
			runOnlyForDeploymentPostprocessing = 0;
		};
		D337ABCB25026673000C0D1E /* Sources */ = {
			isa = PBXSourcesBuildPhase;
			buildActionMask = 2147483647;
			files = (
				D337ABD425026673000C0D1E /* BestRamenTests.swift in Sources */,
			);
			runOnlyForDeploymentPostprocessing = 0;
		};
		D337ABD625026673000C0D1E /* Sources */ = {
			isa = PBXSourcesBuildPhase;
			buildActionMask = 2147483647;
			files = (
				D337ABDF25026673000C0D1E /* BestRamenUITests.swift in Sources */,
			);
			runOnlyForDeploymentPostprocessing = 0;
		};
/* End PBXSourcesBuildPhase section */

/* Begin PBXTargetDependency section */
		D337ABD125026673000C0D1E /* PBXTargetDependency */ = {
			isa = PBXTargetDependency;
			target = D337ABB62502666D000C0D1E /* BestRamen */;
			targetProxy = D337ABD025026673000C0D1E /* PBXContainerItemProxy */;
		};
		D337ABDC25026673000C0D1E /* PBXTargetDependency */ = {
			isa = PBXTargetDependency;
			target = D337ABB62502666D000C0D1E /* BestRamen */;
			targetProxy = D337ABDB25026673000C0D1E /* PBXContainerItemProxy */;
		};
/* End PBXTargetDependency section */

/* Begin PBXVariantGroup section */
		D337ABC22502666D000C0D1E /* Main.storyboard */ = {
			isa = PBXVariantGroup;
			children = (
				D337ABC32502666D000C0D1E /* Base */,
			);
			name = Main.storyboard;
			sourceTree = "<group>";
		};
		D337ABC725026673000C0D1E /* LaunchScreen.storyboard */ = {
			isa = PBXVariantGroup;
			children = (
				D337ABC825026673000C0D1E /* Base */,
			);
			name = LaunchScreen.storyboard;
			sourceTree = "<group>";
		};
/* End PBXVariantGroup section */

/* Begin XCBuildConfiguration section */
		D337ABE125026673000C0D1E /* Debug */ = {
			isa = XCBuildConfiguration;
			buildSettings = {
				ALWAYS_SEARCH_USER_PATHS = NO;
				CLANG_ANALYZER_NONNULL = YES;
				CLANG_ANALYZER_NUMBER_OBJECT_CONVERSION = YES_AGGRESSIVE;
				CLANG_CXX_LANGUAGE_STANDARD = "gnu++14";
				CLANG_CXX_LIBRARY = "libc++";
				CLANG_ENABLE_MODULES = YES;
				CLANG_ENABLE_OBJC_ARC = YES;
				CLANG_ENABLE_OBJC_WEAK = YES;
				CLANG_WARN_BLOCK_CAPTURE_AUTORELEASING = YES;
				CLANG_WARN_BOOL_CONVERSION = YES;
				CLANG_WARN_COMMA = YES;
				CLANG_WARN_CONSTANT_CONVERSION = YES;
				CLANG_WARN_DEPRECATED_OBJC_IMPLEMENTATIONS = YES;
				CLANG_WARN_DIRECT_OBJC_ISA_USAGE = YES_ERROR;
				CLANG_WARN_DOCUMENTATION_COMMENTS = YES;
				CLANG_WARN_EMPTY_BODY = YES;
				CLANG_WARN_ENUM_CONVERSION = YES;
				CLANG_WARN_INFINITE_RECURSION = YES;
				CLANG_WARN_INT_CONVERSION = YES;
				CLANG_WARN_NON_LITERAL_NULL_CONVERSION = YES;
				CLANG_WARN_OBJC_IMPLICIT_RETAIN_SELF = YES;
				CLANG_WARN_OBJC_LITERAL_CONVERSION = YES;
				CLANG_WARN_OBJC_ROOT_CLASS = YES_ERROR;
				CLANG_WARN_QUOTED_INCLUDE_IN_FRAMEWORK_HEADER = YES;
				CLANG_WARN_RANGE_LOOP_ANALYSIS = YES;
				CLANG_WARN_STRICT_PROTOTYPES = YES;
				CLANG_WARN_SUSPICIOUS_MOVE = YES;
				CLANG_WARN_UNGUARDED_AVAILABILITY = YES_AGGRESSIVE;
				CLANG_WARN_UNREACHABLE_CODE = YES;
				CLANG_WARN__DUPLICATE_METHOD_MATCH = YES;
				COPY_PHASE_STRIP = NO;
				DEBUG_INFORMATION_FORMAT = dwarf;
				ENABLE_STRICT_OBJC_MSGSEND = YES;
				ENABLE_TESTABILITY = YES;
				GCC_C_LANGUAGE_STANDARD = gnu11;
				GCC_DYNAMIC_NO_PIC = NO;
				GCC_NO_COMMON_BLOCKS = YES;
				GCC_OPTIMIZATION_LEVEL = 0;
				GCC_PREPROCESSOR_DEFINITIONS = (
					"DEBUG=1",
					"$(inherited)",
				);
				GCC_WARN_64_TO_32_BIT_CONVERSION = YES;
				GCC_WARN_ABOUT_RETURN_TYPE = YES_ERROR;
				GCC_WARN_UNDECLARED_SELECTOR = YES;
				GCC_WARN_UNINITIALIZED_AUTOS = YES_AGGRESSIVE;
				GCC_WARN_UNUSED_FUNCTION = YES;
				GCC_WARN_UNUSED_VARIABLE = YES;
				IPHONEOS_DEPLOYMENT_TARGET = 14.0;
				MTL_ENABLE_DEBUG_INFO = INCLUDE_SOURCE;
				MTL_FAST_MATH = YES;
				ONLY_ACTIVE_ARCH = YES;
				SDKROOT = iphoneos;
				SWIFT_ACTIVE_COMPILATION_CONDITIONS = DEBUG;
				SWIFT_OPTIMIZATION_LEVEL = "-Onone";
			};
			name = Debug;
		};
		D337ABE225026673000C0D1E /* Release */ = {
			isa = XCBuildConfiguration;
			buildSettings = {
				ALWAYS_SEARCH_USER_PATHS = NO;
				CLANG_ANALYZER_NONNULL = YES;
				CLANG_ANALYZER_NUMBER_OBJECT_CONVERSION = YES_AGGRESSIVE;
				CLANG_CXX_LANGUAGE_STANDARD = "gnu++14";
				CLANG_CXX_LIBRARY = "libc++";
				CLANG_ENABLE_MODULES = YES;
				CLANG_ENABLE_OBJC_ARC = YES;
				CLANG_ENABLE_OBJC_WEAK = YES;
				CLANG_WARN_BLOCK_CAPTURE_AUTORELEASING = YES;
				CLANG_WARN_BOOL_CONVERSION = YES;
				CLANG_WARN_COMMA = YES;
				CLANG_WARN_CONSTANT_CONVERSION = YES;
				CLANG_WARN_DEPRECATED_OBJC_IMPLEMENTATIONS = YES;
				CLANG_WARN_DIRECT_OBJC_ISA_USAGE = YES_ERROR;
				CLANG_WARN_DOCUMENTATION_COMMENTS = YES;
				CLANG_WARN_EMPTY_BODY = YES;
				CLANG_WARN_ENUM_CONVERSION = YES;
				CLANG_WARN_INFINITE_RECURSION = YES;
				CLANG_WARN_INT_CONVERSION = YES;
				CLANG_WARN_NON_LITERAL_NULL_CONVERSION = YES;
				CLANG_WARN_OBJC_IMPLICIT_RETAIN_SELF = YES;
				CLANG_WARN_OBJC_LITERAL_CONVERSION = YES;
				CLANG_WARN_OBJC_ROOT_CLASS = YES_ERROR;
				CLANG_WARN_QUOTED_INCLUDE_IN_FRAMEWORK_HEADER = YES;
				CLANG_WARN_RANGE_LOOP_ANALYSIS = YES;
				CLANG_WARN_STRICT_PROTOTYPES = YES;
				CLANG_WARN_SUSPICIOUS_MOVE = YES;
				CLANG_WARN_UNGUARDED_AVAILABILITY = YES_AGGRESSIVE;
				CLANG_WARN_UNREACHABLE_CODE = YES;
				CLANG_WARN__DUPLICATE_METHOD_MATCH = YES;
				COPY_PHASE_STRIP = NO;
				DEBUG_INFORMATION_FORMAT = "dwarf-with-dsym";
				ENABLE_NS_ASSERTIONS = NO;
				ENABLE_STRICT_OBJC_MSGSEND = YES;
				GCC_C_LANGUAGE_STANDARD = gnu11;
				GCC_NO_COMMON_BLOCKS = YES;
				GCC_WARN_64_TO_32_BIT_CONVERSION = YES;
				GCC_WARN_ABOUT_RETURN_TYPE = YES_ERROR;
				GCC_WARN_UNDECLARED_SELECTOR = YES;
				GCC_WARN_UNINITIALIZED_AUTOS = YES_AGGRESSIVE;
				GCC_WARN_UNUSED_FUNCTION = YES;
				GCC_WARN_UNUSED_VARIABLE = YES;
				IPHONEOS_DEPLOYMENT_TARGET = 14.0;
				MTL_ENABLE_DEBUG_INFO = NO;
				MTL_FAST_MATH = YES;
				SDKROOT = iphoneos;
				SWIFT_COMPILATION_MODE = wholemodule;
				SWIFT_OPTIMIZATION_LEVEL = "-O";
				VALIDATE_PRODUCT = YES;
			};
			name = Release;
		};
		D337ABE425026673000C0D1E /* Debug */ = {
			isa = XCBuildConfiguration;
			baseConfigurationReference = 72ADB7F0616ABEADEB86288F /* Pods-BestRamen.debug.xcconfig */;
			buildSettings = {
				ASSETCATALOG_COMPILER_APPICON_NAME = AppIcon;
				CODE_SIGN_STYLE = Automatic;
				DEVELOPMENT_TEAM = 3Z2LN23FC2;
				INFOPLIST_FILE = BestRamen/Info.plist;
				LD_RUNPATH_SEARCH_PATHS = (
					"$(inherited)",
					"@executable_path/Frameworks",
				);
				PRODUCT_BUNDLE_IDENTIFIER = com.hikawaproj.BestRamen0413;
				PRODUCT_NAME = "$(TARGET_NAME)";
				SWIFT_OPTIMIZATION_LEVEL = "-Onone";
				SWIFT_VERSION = 5.0;
				TARGETED_DEVICE_FAMILY = "1,2";
			};
			name = Debug;
		};
		D337ABE525026673000C0D1E /* Release */ = {
			isa = XCBuildConfiguration;
			baseConfigurationReference = A937CF1BA8C30F57DD80F28B /* Pods-BestRamen.release.xcconfig */;
			buildSettings = {
				ASSETCATALOG_COMPILER_APPICON_NAME = AppIcon;
				CODE_SIGN_STYLE = Automatic;
				DEVELOPMENT_TEAM = 3Z2LN23FC2;
				INFOPLIST_FILE = BestRamen/Info.plist;
				LD_RUNPATH_SEARCH_PATHS = (
					"$(inherited)",
					"@executable_path/Frameworks",
				);
				PRODUCT_BUNDLE_IDENTIFIER = com.hikawaproj.BestRamen0413;
				PRODUCT_NAME = "$(TARGET_NAME)";
				SWIFT_OPTIMIZATION_LEVEL = "-Onone";
				SWIFT_VERSION = 5.0;
				TARGETED_DEVICE_FAMILY = "1,2";
			};
			name = Release;
		};
		D337ABE725026673000C0D1E /* Debug */ = {
			isa = XCBuildConfiguration;
			baseConfigurationReference = 6768BD58C888D905F29B4F5D /* Pods-BestRamenTests.debug.xcconfig */;
			buildSettings = {
				ALWAYS_EMBED_SWIFT_STANDARD_LIBRARIES = YES;
				BUNDLE_LOADER = "$(TEST_HOST)";
				CODE_SIGN_STYLE = Automatic;
				INFOPLIST_FILE = BestRamenTests/Info.plist;
				IPHONEOS_DEPLOYMENT_TARGET = 14.0;
				LD_RUNPATH_SEARCH_PATHS = (
					"$(inherited)",
					"@executable_path/Frameworks",
					"@loader_path/Frameworks",
				);
				PRODUCT_BUNDLE_IDENTIFIER = com.hikawaproj.BestRamenTests;
				PRODUCT_NAME = "$(TARGET_NAME)";
				SWIFT_VERSION = 5.0;
				TARGETED_DEVICE_FAMILY = "1,2";
				TEST_HOST = "$(BUILT_PRODUCTS_DIR)/BestRamen.app/BestRamen";
			};
			name = Debug;
		};
		D337ABE825026673000C0D1E /* Release */ = {
			isa = XCBuildConfiguration;
			baseConfigurationReference = 96D81863365F46BECA80D512 /* Pods-BestRamenTests.release.xcconfig */;
			buildSettings = {
				ALWAYS_EMBED_SWIFT_STANDARD_LIBRARIES = YES;
				BUNDLE_LOADER = "$(TEST_HOST)";
				CODE_SIGN_STYLE = Automatic;
				INFOPLIST_FILE = BestRamenTests/Info.plist;
				IPHONEOS_DEPLOYMENT_TARGET = 14.0;
				LD_RUNPATH_SEARCH_PATHS = (
					"$(inherited)",
					"@executable_path/Frameworks",
					"@loader_path/Frameworks",
				);
				PRODUCT_BUNDLE_IDENTIFIER = com.hikawaproj.BestRamenTests;
				PRODUCT_NAME = "$(TARGET_NAME)";
				SWIFT_VERSION = 5.0;
				TARGETED_DEVICE_FAMILY = "1,2";
				TEST_HOST = "$(BUILT_PRODUCTS_DIR)/BestRamen.app/BestRamen";
			};
			name = Release;
		};
		D337ABEA25026673000C0D1E /* Debug */ = {
			isa = XCBuildConfiguration;
			baseConfigurationReference = EBB13ADE04C2392F1334FFF3 /* Pods-BestRamen-BestRamenUITests.debug.xcconfig */;
			buildSettings = {
				ALWAYS_EMBED_SWIFT_STANDARD_LIBRARIES = YES;
				CODE_SIGN_STYLE = Automatic;
				INFOPLIST_FILE = BestRamenUITests/Info.plist;
				LD_RUNPATH_SEARCH_PATHS = (
					"$(inherited)",
					"@executable_path/Frameworks",
					"@loader_path/Frameworks",
				);
				PRODUCT_BUNDLE_IDENTIFIER = com.hikawaproj.BestRamenUITests;
				PRODUCT_NAME = "$(TARGET_NAME)";
				SWIFT_VERSION = 5.0;
				TARGETED_DEVICE_FAMILY = "1,2";
				TEST_TARGET_NAME = BestRamen;
			};
			name = Debug;
		};
		D337ABEB25026673000C0D1E /* Release */ = {
			isa = XCBuildConfiguration;
			baseConfigurationReference = B547C7A975D50E51620D4EBF /* Pods-BestRamen-BestRamenUITests.release.xcconfig */;
			buildSettings = {
				ALWAYS_EMBED_SWIFT_STANDARD_LIBRARIES = YES;
				CODE_SIGN_STYLE = Automatic;
				INFOPLIST_FILE = BestRamenUITests/Info.plist;
				LD_RUNPATH_SEARCH_PATHS = (
					"$(inherited)",
					"@executable_path/Frameworks",
					"@loader_path/Frameworks",
				);
				PRODUCT_BUNDLE_IDENTIFIER = com.hikawaproj.BestRamenUITests;
				PRODUCT_NAME = "$(TARGET_NAME)";
				SWIFT_VERSION = 5.0;
				TARGETED_DEVICE_FAMILY = "1,2";
				TEST_TARGET_NAME = BestRamen;
			};
			name = Release;
		};
/* End XCBuildConfiguration section */

/* Begin XCConfigurationList section */
		D337ABB22502666D000C0D1E /* Build configuration list for PBXProject "BestRamen" */ = {
			isa = XCConfigurationList;
			buildConfigurations = (
				D337ABE125026673000C0D1E /* Debug */,
				D337ABE225026673000C0D1E /* Release */,
			);
			defaultConfigurationIsVisible = 0;
			defaultConfigurationName = Release;
		};
		D337ABE325026673000C0D1E /* Build configuration list for PBXNativeTarget "BestRamen" */ = {
			isa = XCConfigurationList;
			buildConfigurations = (
				D337ABE425026673000C0D1E /* Debug */,
				D337ABE525026673000C0D1E /* Release */,
			);
			defaultConfigurationIsVisible = 0;
			defaultConfigurationName = Release;
		};
		D337ABE625026673000C0D1E /* Build configuration list for PBXNativeTarget "BestRamenTests" */ = {
			isa = XCConfigurationList;
			buildConfigurations = (
				D337ABE725026673000C0D1E /* Debug */,
				D337ABE825026673000C0D1E /* Release */,
			);
			defaultConfigurationIsVisible = 0;
			defaultConfigurationName = Release;
		};
		D337ABE925026673000C0D1E /* Build configuration list for PBXNativeTarget "BestRamenUITests" */ = {
			isa = XCConfigurationList;
			buildConfigurations = (
				D337ABEA25026673000C0D1E /* Debug */,
				D337ABEB25026673000C0D1E /* Release */,
			);
			defaultConfigurationIsVisible = 0;
			defaultConfigurationName = Release;
		};
/* End XCConfigurationList section */
	};
	rootObject = D337ABAF2502666D000C0D1E /* Project object */;
}
