// !$*UTF8*$!
{
	archiveVersion = 1;
	classes = {
	};
	objectVersion = 52;
	objects = {

/* Begin PBXBuildFile section */
		1F3E5E9D55194CFD41328933 /* Pods_BestRamenTests.framework in Frameworks */ = {isa = PBXBuildFile; fileRef = 7F0A0DCFABC27C8761CC9DA3 /* Pods_BestRamenTests.framework */; };
		41D05DD015DE809F4BB57AA8 /* Pods_BestRamen_BestRamenUITests.framework in Frameworks */ = {isa = PBXBuildFile; fileRef = D71A9EB647E223C30BA7B460 /* Pods_BestRamen_BestRamenUITests.framework */; };
		5F20AF0B0E5A97AADC5D749E /* Pods_BestRamen.framework in Frameworks */ = {isa = PBXBuildFile; fileRef = 77EECC8174A5AD6FAF351469 /* Pods_BestRamen.framework */; };
		D337ABBB2502666D000C0D1E /* AppDelegate.swift in Sources */ = {isa = PBXBuildFile; fileRef = D337ABBA2502666D000C0D1E /* AppDelegate.swift */; };
		D337ABBD2502666D000C0D1E /* SceneDelegate.swift in Sources */ = {isa = PBXBuildFile; fileRef = D337ABBC2502666D000C0D1E /* SceneDelegate.swift */; };
		D337ABBF2502666D000C0D1E /* FirstViewController.swift in Sources */ = {isa = PBXBuildFile; fileRef = D337ABBE2502666D000C0D1E /* FirstViewController.swift */; };
		D337ABC12502666D000C0D1E /* SecondViewController.swift in Sources */ = {isa = PBXBuildFile; fileRef = D337ABC02502666D000C0D1E /* SecondViewController.swift */; };
		D337ABC42502666D000C0D1E /* Main.storyboard in Resources */ = {isa = PBXBuildFile; fileRef = D337ABC22502666D000C0D1E /* Main.storyboard */; };
		D337ABC625026673000C0D1E /* Assets.xcassets in Resources */ = {isa = PBXBuildFile; fileRef = D337ABC525026673000C0D1E /* Assets.xcassets */; };
		D337ABC925026673000C0D1E /* LaunchScreen.storyboard in Resources */ = {isa = PBXBuildFile; fileRef = D337ABC725026673000C0D1E /* LaunchScreen.storyboard */; };
		D337ABD425026673000C0D1E /* BestRamenTests.swift in Sources */ = {isa = PBXBuildFile; fileRef = D337ABD325026673000C0D1E /* BestRamenTests.swift */; };
		D337ABDF25026673000C0D1E /* BestRamenUITests.swift in Sources */ = {isa = PBXBuildFile; fileRef = D337ABDE25026673000C0D1E /* BestRamenUITests.swift */; };
		D337ABED25026779000C0D1E /* ThirdViewController.swift in Sources */ = {isa = PBXBuildFile; fileRef = D337ABEC25026779000C0D1E /* ThirdViewController.swift */; };
		D3423172251A51E2004E8A0F /* CustomCollectionViewCell.swift in Sources */ = {isa = PBXBuildFile; fileRef = D3423170251A51E2004E8A0F /* CustomCollectionViewCell.swift */; };
		D3423173251A51E2004E8A0F /* CustomCollectionViewCell.xib in Resources */ = {isa = PBXBuildFile; fileRef = D3423171251A51E2004E8A0F /* CustomCollectionViewCell.xib */; };
		D375B6592503333500F511D0 /* CustomTableViewCell.swift in Sources */ = {isa = PBXBuildFile; fileRef = D375B6572503333500F511D0 /* CustomTableViewCell.swift */; };
		D375B65A2503333500F511D0 /* CustomTableViewCell.xib in Resources */ = {isa = PBXBuildFile; fileRef = D375B6582503333500F511D0 /* CustomTableViewCell.xib */; };
		D375B6622503805D00F511D0 /* GoogleService-Info.plist in Resources */ = {isa = PBXBuildFile; fileRef = D375B6612503805D00F511D0 /* GoogleService-Info.plist */; };
		D375B6652505BCB800F511D0 /* FacebookLogin in Frameworks */ = {isa = PBXBuildFile; productRef = D375B6642505BCB800F511D0 /* FacebookLogin */; };
		D375B6672505FAA100F511D0 /* MyPageViewController.swift in Sources */ = {isa = PBXBuildFile; fileRef = D375B6662505FAA100F511D0 /* MyPageViewController.swift */; };
		D375B66925065A5E00F511D0 /* PostViewController.swift in Sources */ = {isa = PBXBuildFile; fileRef = D375B66825065A5E00F511D0 /* PostViewController.swift */; };
		D390231425068DCE00C13328 /* UserPageViewController.swift in Sources */ = {isa = PBXBuildFile; fileRef = D390231325068DCD00C13328 /* UserPageViewController.swift */; };
		D390231725068ECA00C13328 /* ShopPageViewController.swift in Sources */ = {isa = PBXBuildFile; fileRef = D390231625068ECA00C13328 /* ShopPageViewController.swift */; };
/* End PBXBuildFile section */

/* Begin PBXContainerItemProxy section */
		D337ABD025026673000C0D1E /* PBXContainerItemProxy */ = {
			isa = PBXContainerItemProxy;
			containerPortal = D337ABAF2502666D000C0D1E /* Project object */;
			proxyType = 1;
			remoteGlobalIDString = D337ABB62502666D000C0D1E;
			remoteInfo = BestRamen;
		};
		D337ABDB25026673000C0D1E /* PBXContainerItemProxy */ = {
			isa = PBXContainerItemProxy;
			containerPortal = D337ABAF2502666D000C0D1E /* Project object */;
			proxyType = 1;
			remoteGlobalIDString = D337ABB62502666D000C0D1E;
			remoteInfo = BestRamen;
		};
/* End PBXContainerItemProxy section */

/* Begin PBXFileReference section */
		0A4BFA3F0F65BCFB09DEB8FC /* Pods-BestRamen.debug.xcconfig */ = {isa = PBXFileReference; includeInIndex = 1; lastKnownFileType = text.xcconfig; name = "Pods-BestRamen.debug.xcconfig"; path = "Target Support Files/Pods-BestRamen/Pods-BestRamen.debug.xcconfig"; sourceTree = "<group>"; };
		1455134CDCE2B661FDF47C49 /* Pods-BestRamenTests.release.xcconfig */ = {isa = PBXFileReference; includeInIndex = 1; lastKnownFileType = text.xcconfig; name = "Pods-BestRamenTests.release.xcconfig"; path = "Target Support Files/Pods-BestRamenTests/Pods-BestRamenTests.release.xcconfig"; sourceTree = "<group>"; };
		5E67EC9E7B0D608D3ADE4314 /* Pods-BestRamenTests.debug.xcconfig */ = {isa = PBXFileReference; includeInIndex = 1; lastKnownFileType = text.xcconfig; name = "Pods-BestRamenTests.debug.xcconfig"; path = "Target Support Files/Pods-BestRamenTests/Pods-BestRamenTests.debug.xcconfig"; sourceTree = "<group>"; };
		6F79E6D4A5555EE0BD153B2E /* Pods-BestRamen.release.xcconfig */ = {isa = PBXFileReference; includeInIndex = 1; lastKnownFileType = text.xcconfig; name = "Pods-BestRamen.release.xcconfig"; path = "Target Support Files/Pods-BestRamen/Pods-BestRamen.release.xcconfig"; sourceTree = "<group>"; };
		77EECC8174A5AD6FAF351469 /* Pods_BestRamen.framework */ = {isa = PBXFileReference; explicitFileType = wrapper.framework; includeInIndex = 0; path = Pods_BestRamen.framework; sourceTree = BUILT_PRODUCTS_DIR; };
		7F0A0DCFABC27C8761CC9DA3 /* Pods_BestRamenTests.framework */ = {isa = PBXFileReference; explicitFileType = wrapper.framework; includeInIndex = 0; path = Pods_BestRamenTests.framework; sourceTree = BUILT_PRODUCTS_DIR; };
		D337ABB72502666D000C0D1E /* BestRamen.app */ = {isa = PBXFileReference; explicitFileType = wrapper.application; includeInIndex = 0; path = BestRamen.app; sourceTree = BUILT_PRODUCTS_DIR; };
		D337ABBA2502666D000C0D1E /* AppDelegate.swift */ = {isa = PBXFileReference; lastKnownFileType = sourcecode.swift; path = AppDelegate.swift; sourceTree = "<group>"; };
		D337ABBC2502666D000C0D1E /* SceneDelegate.swift */ = {isa = PBXFileReference; lastKnownFileType = sourcecode.swift; path = SceneDelegate.swift; sourceTree = "<group>"; };
		D337ABBE2502666D000C0D1E /* FirstViewController.swift */ = {isa = PBXFileReference; lastKnownFileType = sourcecode.swift; path = FirstViewController.swift; sourceTree = "<group>"; };
		D337ABC02502666D000C0D1E /* SecondViewController.swift */ = {isa = PBXFileReference; lastKnownFileType = sourcecode.swift; path = SecondViewController.swift; sourceTree = "<group>"; };
		D337ABC32502666D000C0D1E /* Base */ = {isa = PBXFileReference; lastKnownFileType = file.storyboard; name = Base; path = Base.lproj/Main.storyboard; sourceTree = "<group>"; };
		D337ABC525026673000C0D1E /* Assets.xcassets */ = {isa = PBXFileReference; lastKnownFileType = folder.assetcatalog; path = Assets.xcassets; sourceTree = "<group>"; };
		D337ABC825026673000C0D1E /* Base */ = {isa = PBXFileReference; lastKnownFileType = file.storyboard; name = Base; path = Base.lproj/LaunchScreen.storyboard; sourceTree = "<group>"; };
		D337ABCA25026673000C0D1E /* Info.plist */ = {isa = PBXFileReference; lastKnownFileType = text.plist.xml; path = Info.plist; sourceTree = "<group>"; };
		D337ABCF25026673000C0D1E /* BestRamenTests.xctest */ = {isa = PBXFileReference; explicitFileType = wrapper.cfbundle; includeInIndex = 0; path = BestRamenTests.xctest; sourceTree = BUILT_PRODUCTS_DIR; };
		D337ABD325026673000C0D1E /* BestRamenTests.swift */ = {isa = PBXFileReference; lastKnownFileType = sourcecode.swift; path = BestRamenTests.swift; sourceTree = "<group>"; };
		D337ABD525026673000C0D1E /* Info.plist */ = {isa = PBXFileReference; lastKnownFileType = text.plist.xml; path = Info.plist; sourceTree = "<group>"; };
		D337ABDA25026673000C0D1E /* BestRamenUITests.xctest */ = {isa = PBXFileReference; explicitFileType = wrapper.cfbundle; includeInIndex = 0; path = BestRamenUITests.xctest; sourceTree = BUILT_PRODUCTS_DIR; };
		D337ABDE25026673000C0D1E /* BestRamenUITests.swift */ = {isa = PBXFileReference; lastKnownFileType = sourcecode.swift; path = BestRamenUITests.swift; sourceTree = "<group>"; };
		D337ABE025026673000C0D1E /* Info.plist */ = {isa = PBXFileReference; lastKnownFileType = text.plist.xml; path = Info.plist; sourceTree = "<group>"; };
		D337ABEC25026779000C0D1E /* ThirdViewController.swift */ = {isa = PBXFileReference; lastKnownFileType = sourcecode.swift; path = ThirdViewController.swift; sourceTree = "<group>"; };
		D3423170251A51E2004E8A0F /* CustomCollectionViewCell.swift */ = {isa = PBXFileReference; lastKnownFileType = sourcecode.swift; path = CustomCollectionViewCell.swift; sourceTree = "<group>"; };
		D3423171251A51E2004E8A0F /* CustomCollectionViewCell.xib */ = {isa = PBXFileReference; lastKnownFileType = file.xib; path = CustomCollectionViewCell.xib; sourceTree = "<group>"; };
		D375B6572503333500F511D0 /* CustomTableViewCell.swift */ = {isa = PBXFileReference; lastKnownFileType = sourcecode.swift; path = CustomTableViewCell.swift; sourceTree = "<group>"; };
		D375B6582503333500F511D0 /* CustomTableViewCell.xib */ = {isa = PBXFileReference; lastKnownFileType = file.xib; path = CustomTableViewCell.xib; sourceTree = "<group>"; };
		D375B6612503805D00F511D0 /* GoogleService-Info.plist */ = {isa = PBXFileReference; fileEncoding = 4; lastKnownFileType = text.plist.xml; name = "GoogleService-Info.plist"; path = "../../../../Downloads/GoogleService-Info.plist"; sourceTree = "<group>"; };
		D375B6662505FAA100F511D0 /* MyPageViewController.swift */ = {isa = PBXFileReference; lastKnownFileType = sourcecode.swift; path = MyPageViewController.swift; sourceTree = "<group>"; };
		D375B66825065A5E00F511D0 /* PostViewController.swift */ = {isa = PBXFileReference; lastKnownFileType = sourcecode.swift; path = PostViewController.swift; sourceTree = "<group>"; };
		D390231325068DCD00C13328 /* UserPageViewController.swift */ = {isa = PBXFileReference; lastKnownFileType = sourcecode.swift; path = UserPageViewController.swift; sourceTree = "<group>"; };
		D390231625068ECA00C13328 /* ShopPageViewController.swift */ = {isa = PBXFileReference; lastKnownFileType = sourcecode.swift; path = ShopPageViewController.swift; sourceTree = "<group>"; };
		D71A9EB647E223C30BA7B460 /* Pods_BestRamen_BestRamenUITests.framework */ = {isa = PBXFileReference; explicitFileType = wrapper.framework; includeInIndex = 0; path = Pods_BestRamen_BestRamenUITests.framework; sourceTree = BUILT_PRODUCTS_DIR; };
		F99D159FFB28B6DA450CBB9F /* Pods-BestRamen-BestRamenUITests.release.xcconfig */ = {isa = PBXFileReference; includeInIndex = 1; lastKnownFileType = text.xcconfig; name = "Pods-BestRamen-BestRamenUITests.release.xcconfig"; path = "Target Support Files/Pods-BestRamen-BestRamenUITests/Pods-BestRamen-BestRamenUITests.release.xcconfig"; sourceTree = "<group>"; };
		FF7B60530FE760DC023F5510 /* Pods-BestRamen-BestRamenUITests.debug.xcconfig */ = {isa = PBXFileReference; includeInIndex = 1; lastKnownFileType = text.xcconfig; name = "Pods-BestRamen-BestRamenUITests.debug.xcconfig"; path = "Target Support Files/Pods-BestRamen-BestRamenUITests/Pods-BestRamen-BestRamenUITests.debug.xcconfig"; sourceTree = "<group>"; };
/* End PBXFileReference section */

/* Begin PBXFrameworksBuildPhase section */
		D337ABB42502666D000C0D1E /* Frameworks */ = {
			isa = PBXFrameworksBuildPhase;
			buildActionMask = 2147483647;
			files = (
				D375B6652505BCB800F511D0 /* FacebookLogin in Frameworks */,
				5F20AF0B0E5A97AADC5D749E /* Pods_BestRamen.framework in Frameworks */,
			);
			runOnlyForDeploymentPostprocessing = 0;
		};
		D337ABCC25026673000C0D1E /* Frameworks */ = {
			isa = PBXFrameworksBuildPhase;
			buildActionMask = 2147483647;
			files = (
				1F3E5E9D55194CFD41328933 /* Pods_BestRamenTests.framework in Frameworks */,
			);
			runOnlyForDeploymentPostprocessing = 0;
		};
		D337ABD725026673000C0D1E /* Frameworks */ = {
			isa = PBXFrameworksBuildPhase;
			buildActionMask = 2147483647;
			files = (
				41D05DD015DE809F4BB57AA8 /* Pods_BestRamen_BestRamenUITests.framework in Frameworks */,
			);
			runOnlyForDeploymentPostprocessing = 0;
		};
/* End PBXFrameworksBuildPhase section */

/* Begin PBXGroup section */
		59D1B2DFE5D7AD168AB9DBDA /* Frameworks */ = {
			isa = PBXGroup;
			children = (
				77EECC8174A5AD6FAF351469 /* Pods_BestRamen.framework */,
				D71A9EB647E223C30BA7B460 /* Pods_BestRamen_BestRamenUITests.framework */,
				7F0A0DCFABC27C8761CC9DA3 /* Pods_BestRamenTests.framework */,
			);
			name = Frameworks;
			sourceTree = "<group>";
		};
		D337ABAE2502666D000C0D1E = {
			isa = PBXGroup;
			children = (
				D337ABB92502666D000C0D1E /* BestRamen */,
				D337ABD225026673000C0D1E /* BestRamenTests */,
				D337ABDD25026673000C0D1E /* BestRamenUITests */,
				D337ABB82502666D000C0D1E /* Products */,
				DF6935385E923622FB6C4B5C /* Pods */,
				59D1B2DFE5D7AD168AB9DBDA /* Frameworks */,
			);
			sourceTree = "<group>";
		};
		D337ABB82502666D000C0D1E /* Products */ = {
			isa = PBXGroup;
			children = (
				D337ABB72502666D000C0D1E /* BestRamen.app */,
				D337ABCF25026673000C0D1E /* BestRamenTests.xctest */,
				D337ABDA25026673000C0D1E /* BestRamenUITests.xctest */,
			);
			name = Products;
			sourceTree = "<group>";
		};
		D337ABB92502666D000C0D1E /* BestRamen */ = {
			isa = PBXGroup;
			children = (
				D390231525068DF300C13328 /* ViewController */,
				D337ABBA2502666D000C0D1E /* AppDelegate.swift */,
				D337ABBC2502666D000C0D1E /* SceneDelegate.swift */,
				D337ABC22502666D000C0D1E /* Main.storyboard */,
				D337ABC525026673000C0D1E /* Assets.xcassets */,
				D375B6572503333500F511D0 /* CustomTableViewCell.swift */,
				D375B6582503333500F511D0 /* CustomTableViewCell.xib */,
				D3423170251A51E2004E8A0F /* CustomCollectionViewCell.swift */,
				D3423171251A51E2004E8A0F /* CustomCollectionViewCell.xib */,
				D337ABC725026673000C0D1E /* LaunchScreen.storyboard */,
				D337ABCA25026673000C0D1E /* Info.plist */,
				D375B6612503805D00F511D0 /* GoogleService-Info.plist */,
			);
			path = BestRamen;
			sourceTree = "<group>";
		};
		D337ABD225026673000C0D1E /* BestRamenTests */ = {
			isa = PBXGroup;
			children = (
				D337ABD325026673000C0D1E /* BestRamenTests.swift */,
				D337ABD525026673000C0D1E /* Info.plist */,
			);
			path = BestRamenTests;
			sourceTree = "<group>";
		};
		D337ABDD25026673000C0D1E /* BestRamenUITests */ = {
			isa = PBXGroup;
			children = (
				D337ABDE25026673000C0D1E /* BestRamenUITests.swift */,
				D337ABE025026673000C0D1E /* Info.plist */,
			);
			path = BestRamenUITests;
			sourceTree = "<group>";
		};
		D390231525068DF300C13328 /* ViewController */ = {
			isa = PBXGroup;
			children = (
				D390231625068ECA00C13328 /* ShopPageViewController.swift */,
				D375B66825065A5E00F511D0 /* PostViewController.swift */,
				D375B6662505FAA100F511D0 /* MyPageViewController.swift */,
				D390231325068DCD00C13328 /* UserPageViewController.swift */,
				D337ABEC25026779000C0D1E /* ThirdViewController.swift */,
				D337ABC02502666D000C0D1E /* SecondViewController.swift */,
				D337ABBE2502666D000C0D1E /* FirstViewController.swift */,
			);
			path = ViewController;
			sourceTree = "<group>";
		};
		DF6935385E923622FB6C4B5C /* Pods */ = {
			isa = PBXGroup;
			children = (
				0A4BFA3F0F65BCFB09DEB8FC /* Pods-BestRamen.debug.xcconfig */,
				6F79E6D4A5555EE0BD153B2E /* Pods-BestRamen.release.xcconfig */,
				FF7B60530FE760DC023F5510 /* Pods-BestRamen-BestRamenUITests.debug.xcconfig */,
				F99D159FFB28B6DA450CBB9F /* Pods-BestRamen-BestRamenUITests.release.xcconfig */,
				5E67EC9E7B0D608D3ADE4314 /* Pods-BestRamenTests.debug.xcconfig */,
				1455134CDCE2B661FDF47C49 /* Pods-BestRamenTests.release.xcconfig */,
			);
			path = Pods;
			sourceTree = "<group>";
		};
/* End PBXGroup section */

/* Begin PBXNativeTarget section */
		D337ABB62502666D000C0D1E /* BestRamen */ = {
			isa = PBXNativeTarget;
			buildConfigurationList = D337ABE325026673000C0D1E /* Build configuration list for PBXNativeTarget "BestRamen" */;
			buildPhases = (
				6B14041D5E2EF3A016F0CB6E /* [CP] Check Pods Manifest.lock */,
				D337ABB32502666D000C0D1E /* Sources */,
				D337ABB42502666D000C0D1E /* Frameworks */,
				D337ABB52502666D000C0D1E /* Resources */,
				200A8E6DF13724E6BECF2EB0 /* [CP] Embed Pods Frameworks */,
				A9F66FE830820A202795F5E2 /* [CP] Copy Pods Resources */,
			);
			buildRules = (
			);
			dependencies = (
			);
			name = BestRamen;
			packageProductDependencies = (
				D375B6642505BCB800F511D0 /* FacebookLogin */,
			);
			productName = BestRamen;
			productReference = D337ABB72502666D000C0D1E /* BestRamen.app */;
			productType = "com.apple.product-type.application";
		};
		D337ABCE25026673000C0D1E /* BestRamenTests */ = {
			isa = PBXNativeTarget;
			buildConfigurationList = D337ABE625026673000C0D1E /* Build configuration list for PBXNativeTarget "BestRamenTests" */;
			buildPhases = (
				E8FDCFCC545B463A4F644BE5 /* [CP] Check Pods Manifest.lock */,
				D337ABCB25026673000C0D1E /* Sources */,
				D337ABCC25026673000C0D1E /* Frameworks */,
				D337ABCD25026673000C0D1E /* Resources */,
			);
			buildRules = (
			);
			dependencies = (
				D337ABD125026673000C0D1E /* PBXTargetDependency */,
			);
			name = BestRamenTests;
			productName = BestRamenTests;
			productReference = D337ABCF25026673000C0D1E /* BestRamenTests.xctest */;
			productType = "com.apple.product-type.bundle.unit-test";
		};
		D337ABD925026673000C0D1E /* BestRamenUITests */ = {
			isa = PBXNativeTarget;
			buildConfigurationList = D337ABE925026673000C0D1E /* Build configuration list for PBXNativeTarget "BestRamenUITests" */;
			buildPhases = (
				3D0607FE816ACD47A6CB186F /* [CP] Check Pods Manifest.lock */,
				D337ABD625026673000C0D1E /* Sources */,
				D337ABD725026673000C0D1E /* Frameworks */,
				D337ABD825026673000C0D1E /* Resources */,
				A2A4402EEBC6F1B748038819 /* [CP] Embed Pods Frameworks */,
				490483782F9A14B771253724 /* [CP] Copy Pods Resources */,
			);
			buildRules = (
			);
			dependencies = (
				D337ABDC25026673000C0D1E /* PBXTargetDependency */,
			);
			name = BestRamenUITests;
			productName = BestRamenUITests;
			productReference = D337ABDA25026673000C0D1E /* BestRamenUITests.xctest */;
			productType = "com.apple.product-type.bundle.ui-testing";
		};
/* End PBXNativeTarget section */

/* Begin PBXProject section */
		D337ABAF2502666D000C0D1E /* Project object */ = {
			isa = PBXProject;
			attributes = {
				LastSwiftUpdateCheck = 1170;
				LastUpgradeCheck = 1200;
				ORGANIZATIONNAME = "Taisei Hikawa";
				TargetAttributes = {
					D337ABB62502666D000C0D1E = {
						CreatedOnToolsVersion = 11.7;
					};
					D337ABCE25026673000C0D1E = {
						CreatedOnToolsVersion = 11.7;
						TestTargetID = D337ABB62502666D000C0D1E;
					};
					D337ABD925026673000C0D1E = {
						CreatedOnToolsVersion = 11.7;
						TestTargetID = D337ABB62502666D000C0D1E;
					};
				};
			};
			buildConfigurationList = D337ABB22502666D000C0D1E /* Build configuration list for PBXProject "BestRamen" */;
			compatibilityVersion = "Xcode 9.3";
			developmentRegion = en;
			hasScannedForEncodings = 0;
			knownRegions = (
				en,
				Base,
			);
			mainGroup = D337ABAE2502666D000C0D1E;
			packageReferences = (
				D375B6632505BCB800F511D0 /* XCRemoteSwiftPackageReference "facebook-ios-sdk" */,
			);
			productRefGroup = D337ABB82502666D000C0D1E /* Products */;
			projectDirPath = "";
			projectRoot = "";
			targets = (
				D337ABB62502666D000C0D1E /* BestRamen */,
				D337ABCE25026673000C0D1E /* BestRamenTests */,
				D337ABD925026673000C0D1E /* BestRamenUITests */,
			);
		};
/* End PBXProject section */

/* Begin PBXResourcesBuildPhase section */
		D337ABB52502666D000C0D1E /* Resources */ = {
			isa = PBXResourcesBuildPhase;
			buildActionMask = 2147483647;
			files = (
				D337ABC925026673000C0D1E /* LaunchScreen.storyboard in Resources */,
				D3423173251A51E2004E8A0F /* CustomCollectionViewCell.xib in Resources */,
				D337ABC625026673000C0D1E /* Assets.xcassets in Resources */,
				D375B6622503805D00F511D0 /* GoogleService-Info.plist in Resources */,
				D375B65A2503333500F511D0 /* CustomTableViewCell.xib in Resources */,
				D337ABC42502666D000C0D1E /* Main.storyboard in Resources */,
			);
			runOnlyForDeploymentPostprocessing = 0;
		};
		D337ABCD25026673000C0D1E /* Resources */ = {
			isa = PBXResourcesBuildPhase;
			buildActionMask = 2147483647;
			files = (
			);
			runOnlyForDeploymentPostprocessing = 0;
		};
		D337ABD825026673000C0D1E /* Resources */ = {
			isa = PBXResourcesBuildPhase;
			buildActionMask = 2147483647;
			files = (
			);
			runOnlyForDeploymentPostprocessing = 0;
		};
/* End PBXResourcesBuildPhase section */

/* Begin PBXShellScriptBuildPhase section */
		200A8E6DF13724E6BECF2EB0 /* [CP] Embed Pods Frameworks */ = {
			isa = PBXShellScriptBuildPhase;
			buildActionMask = 2147483647;
			files = (
			);
			inputFileListPaths = (
				"${PODS_ROOT}/Target Support Files/Pods-BestRamen/Pods-BestRamen-frameworks-${CONFIGURATION}-input-files.xcfilelist",
			);
			name = "[CP] Embed Pods Frameworks";
			outputFileListPaths = (
				"${PODS_ROOT}/Target Support Files/Pods-BestRamen/Pods-BestRamen-frameworks-${CONFIGURATION}-output-files.xcfilelist",
			);
			runOnlyForDeploymentPostprocessing = 0;
			shellPath = /bin/sh;
			shellScript = "\"${PODS_ROOT}/Target Support Files/Pods-BestRamen/Pods-BestRamen-frameworks.sh\"\n";
			showEnvVarsInLog = 0;
		};
		3D0607FE816ACD47A6CB186F /* [CP] Check Pods Manifest.lock */ = {
			isa = PBXShellScriptBuildPhase;
			buildActionMask = 2147483647;
			files = (
			);
			inputFileListPaths = (
			);
			inputPaths = (
				"${PODS_PODFILE_DIR_PATH}/Podfile.lock",
				"${PODS_ROOT}/Manifest.lock",
			);
			name = "[CP] Check Pods Manifest.lock";
			outputFileListPaths = (
			);
			outputPaths = (
				"$(DERIVED_FILE_DIR)/Pods-BestRamen-BestRamenUITests-checkManifestLockResult.txt",
			);
			runOnlyForDeploymentPostprocessing = 0;
			shellPath = /bin/sh;
			shellScript = "diff \"${PODS_PODFILE_DIR_PATH}/Podfile.lock\" \"${PODS_ROOT}/Manifest.lock\" > /dev/null\nif [ $? != 0 ] ; then\n    # print error to STDERR\n    echo \"error: The sandbox is not in sync with the Podfile.lock. Run 'pod install' or update your CocoaPods installation.\" >&2\n    exit 1\nfi\n# This output is used by Xcode 'outputs' to avoid re-running this script phase.\necho \"SUCCESS\" > \"${SCRIPT_OUTPUT_FILE_0}\"\n";
			showEnvVarsInLog = 0;
		};
		490483782F9A14B771253724 /* [CP] Copy Pods Resources */ = {
			isa = PBXShellScriptBuildPhase;
			buildActionMask = 2147483647;
			files = (
			);
			inputFileListPaths = (
				"${PODS_ROOT}/Target Support Files/Pods-BestRamen-BestRamenUITests/Pods-BestRamen-BestRamenUITests-resources-${CONFIGURATION}-input-files.xcfilelist",
			);
			name = "[CP] Copy Pods Resources";
			outputFileListPaths = (
				"${PODS_ROOT}/Target Support Files/Pods-BestRamen-BestRamenUITests/Pods-BestRamen-BestRamenUITests-resources-${CONFIGURATION}-output-files.xcfilelist",
			);
			runOnlyForDeploymentPostprocessing = 0;
			shellPath = /bin/sh;
			shellScript = "\"${PODS_ROOT}/Target Support Files/Pods-BestRamen-BestRamenUITests/Pods-BestRamen-BestRamenUITests-resources.sh\"\n";
			showEnvVarsInLog = 0;
		};
		6B14041D5E2EF3A016F0CB6E /* [CP] Check Pods Manifest.lock */ = {
			isa = PBXShellScriptBuildPhase;
			buildActionMask = 2147483647;
			files = (
			);
			inputFileListPaths = (
			);
			inputPaths = (
				"${PODS_PODFILE_DIR_PATH}/Podfile.lock",
				"${PODS_ROOT}/Manifest.lock",
			);
			name = "[CP] Check Pods Manifest.lock";
			outputFileListPaths = (
			);
			outputPaths = (
				"$(DERIVED_FILE_DIR)/Pods-BestRamen-checkManifestLockResult.txt",
			);
			runOnlyForDeploymentPostprocessing = 0;
			shellPath = /bin/sh;
			shellScript = "diff \"${PODS_PODFILE_DIR_PATH}/Podfile.lock\" \"${PODS_ROOT}/Manifest.lock\" > /dev/null\nif [ $? != 0 ] ; then\n    # print error to STDERR\n    echo \"error: The sandbox is not in sync with the Podfile.lock. Run 'pod install' or update your CocoaPods installation.\" >&2\n    exit 1\nfi\n# This output is used by Xcode 'outputs' to avoid re-running this script phase.\necho \"SUCCESS\" > \"${SCRIPT_OUTPUT_FILE_0}\"\n";
			showEnvVarsInLog = 0;
		};
		A2A4402EEBC6F1B748038819 /* [CP] Embed Pods Frameworks */ = {
			isa = PBXShellScriptBuildPhase;
			buildActionMask = 2147483647;
			files = (
			);
			inputFileListPaths = (
				"${PODS_ROOT}/Target Support Files/Pods-BestRamen-BestRamenUITests/Pods-BestRamen-BestRamenUITests-frameworks-${CONFIGURATION}-input-files.xcfilelist",
			);
			name = "[CP] Embed Pods Frameworks";
			outputFileListPaths = (
				"${PODS_ROOT}/Target Support Files/Pods-BestRamen-BestRamenUITests/Pods-BestRamen-BestRamenUITests-frameworks-${CONFIGURATION}-output-files.xcfilelist",
			);
			runOnlyForDeploymentPostprocessing = 0;
			shellPath = /bin/sh;
			shellScript = "\"${PODS_ROOT}/Target Support Files/Pods-BestRamen-BestRamenUITests/Pods-BestRamen-BestRamenUITests-frameworks.sh\"\n";
			showEnvVarsInLog = 0;
		};
		A9F66FE830820A202795F5E2 /* [CP] Copy Pods Resources */ = {
			isa = PBXShellScriptBuildPhase;
			buildActionMask = 2147483647;
			files = (
			);
			inputFileListPaths = (
				"${PODS_ROOT}/Target Support Files/Pods-BestRamen/Pods-BestRamen-resources-${CONFIGURATION}-input-files.xcfilelist",
			);
			name = "[CP] Copy Pods Resources";
			outputFileListPaths = (
				"${PODS_ROOT}/Target Support Files/Pods-BestRamen/Pods-BestRamen-resources-${CONFIGURATION}-output-files.xcfilelist",
			);
			runOnlyForDeploymentPostprocessing = 0;
			shellPath = /bin/sh;
			shellScript = "\"${PODS_ROOT}/Target Support Files/Pods-BestRamen/Pods-BestRamen-resources.sh\"\n";
			showEnvVarsInLog = 0;
		};
		E8FDCFCC545B463A4F644BE5 /* [CP] Check Pods Manifest.lock */ = {
			isa = PBXShellScriptBuildPhase;
			buildActionMask = 2147483647;
			files = (
			);
			inputFileListPaths = (
			);
			inputPaths = (
				"${PODS_PODFILE_DIR_PATH}/Podfile.lock",
				"${PODS_ROOT}/Manifest.lock",
			);
			name = "[CP] Check Pods Manifest.lock";
			outputFileListPaths = (
			);
			outputPaths = (
				"$(DERIVED_FILE_DIR)/Pods-BestRamenTests-checkManifestLockResult.txt",
			);
			runOnlyForDeploymentPostprocessing = 0;
			shellPath = /bin/sh;
			shellScript = "diff \"${PODS_PODFILE_DIR_PATH}/Podfile.lock\" \"${PODS_ROOT}/Manifest.lock\" > /dev/null\nif [ $? != 0 ] ; then\n    # print error to STDERR\n    echo \"error: The sandbox is not in sync with the Podfile.lock. Run 'pod install' or update your CocoaPods installation.\" >&2\n    exit 1\nfi\n# This output is used by Xcode 'outputs' to avoid re-running this script phase.\necho \"SUCCESS\" > \"${SCRIPT_OUTPUT_FILE_0}\"\n";
			showEnvVarsInLog = 0;
		};
/* End PBXShellScriptBuildPhase section */

/* Begin PBXSourcesBuildPhase section */
		D337ABB32502666D000C0D1E /* Sources */ = {
			isa = PBXSourcesBuildPhase;
			buildActionMask = 2147483647;
			files = (
				D375B66925065A5E00F511D0 /* PostViewController.swift in Sources */,
				D375B6672505FAA100F511D0 /* MyPageViewController.swift in Sources */,
				D337ABC12502666D000C0D1E /* SecondViewController.swift in Sources */,
				D390231425068DCE00C13328 /* UserPageViewController.swift in Sources */,
				D337ABBF2502666D000C0D1E /* FirstViewController.swift in Sources */,
				D390231725068ECA00C13328 /* ShopPageViewController.swift in Sources */,
				D375B6592503333500F511D0 /* CustomTableViewCell.swift in Sources */,
				D337ABED25026779000C0D1E /* ThirdViewController.swift in Sources */,
				D337ABBB2502666D000C0D1E /* AppDelegate.swift in Sources */,
				D337ABBD2502666D000C0D1E /* SceneDelegate.swift in Sources */,
				D3423172251A51E2004E8A0F /* CustomCollectionViewCell.swift in Sources */,
			);
			runOnlyForDeploymentPostprocessing = 0;
		};
		D337ABCB25026673000C0D1E /* Sources */ = {
			isa = PBXSourcesBuildPhase;
			buildActionMask = 2147483647;
			files = (
				D337ABD425026673000C0D1E /* BestRamenTests.swift in Sources */,
			);
			runOnlyForDeploymentPostprocessing = 0;
		};
		D337ABD625026673000C0D1E /* Sources */ = {
			isa = PBXSourcesBuildPhase;
			buildActionMask = 2147483647;
			files = (
				D337ABDF25026673000C0D1E /* BestRamenUITests.swift in Sources */,
			);
			runOnlyForDeploymentPostprocessing = 0;
		};
/* End PBXSourcesBuildPhase section */

/* Begin PBXTargetDependency section */
		D337ABD125026673000C0D1E /* PBXTargetDependency */ = {
			isa = PBXTargetDependency;
			target = D337ABB62502666D000C0D1E /* BestRamen */;
			targetProxy = D337ABD025026673000C0D1E /* PBXContainerItemProxy */;
		};
		D337ABDC25026673000C0D1E /* PBXTargetDependency */ = {
			isa = PBXTargetDependency;
			target = D337ABB62502666D000C0D1E /* BestRamen */;
			targetProxy = D337ABDB25026673000C0D1E /* PBXContainerItemProxy */;
		};
/* End PBXTargetDependency section */

/* Begin PBXVariantGroup section */
		D337ABC22502666D000C0D1E /* Main.storyboard */ = {
			isa = PBXVariantGroup;
			children = (
				D337ABC32502666D000C0D1E /* Base */,
			);
			name = Main.storyboard;
			sourceTree = "<group>";
		};
		D337ABC725026673000C0D1E /* LaunchScreen.storyboard */ = {
			isa = PBXVariantGroup;
			children = (
				D337ABC825026673000C0D1E /* Base */,
			);
			name = LaunchScreen.storyboard;
			sourceTree = "<group>";
		};
/* End PBXVariantGroup section */

/* Begin XCBuildConfiguration section */
		D337ABE125026673000C0D1E /* Debug */ = {
			isa = XCBuildConfiguration;
			buildSettings = {
				ALWAYS_SEARCH_USER_PATHS = NO;
				CLANG_ANALYZER_NONNULL = YES;
				CLANG_ANALYZER_NUMBER_OBJECT_CONVERSION = YES_AGGRESSIVE;
				CLANG_CXX_LANGUAGE_STANDARD = "gnu++14";
				CLANG_CXX_LIBRARY = "libc++";
				CLANG_ENABLE_MODULES = YES;
				CLANG_ENABLE_OBJC_ARC = YES;
				CLANG_ENABLE_OBJC_WEAK = YES;
				CLANG_WARN_BLOCK_CAPTURE_AUTORELEASING = YES;
				CLANG_WARN_BOOL_CONVERSION = YES;
				CLANG_WARN_COMMA = YES;
				CLANG_WARN_CONSTANT_CONVERSION = YES;
				CLANG_WARN_DEPRECATED_OBJC_IMPLEMENTATIONS = YES;
				CLANG_WARN_DIRECT_OBJC_ISA_USAGE = YES_ERROR;
				CLANG_WARN_DOCUMENTATION_COMMENTS = YES;
				CLANG_WARN_EMPTY_BODY = YES;
				CLANG_WARN_ENUM_CONVERSION = YES;
				CLANG_WARN_INFINITE_RECURSION = YES;
				CLANG_WARN_INT_CONVERSION = YES;
				CLANG_WARN_NON_LITERAL_NULL_CONVERSION = YES;
				CLANG_WARN_OBJC_IMPLICIT_RETAIN_SELF = YES;
				CLANG_WARN_OBJC_LITERAL_CONVERSION = YES;
				CLANG_WARN_OBJC_ROOT_CLASS = YES_ERROR;
				CLANG_WARN_QUOTED_INCLUDE_IN_FRAMEWORK_HEADER = YES;
				CLANG_WARN_RANGE_LOOP_ANALYSIS = YES;
				CLANG_WARN_STRICT_PROTOTYPES = YES;
				CLANG_WARN_SUSPICIOUS_MOVE = YES;
				CLANG_WARN_UNGUARDED_AVAILABILITY = YES_AGGRESSIVE;
				CLANG_WARN_UNREACHABLE_CODE = YES;
				CLANG_WARN__DUPLICATE_METHOD_MATCH = YES;
				COPY_PHASE_STRIP = NO;
				DEBUG_INFORMATION_FORMAT = dwarf;
				ENABLE_STRICT_OBJC_MSGSEND = YES;
				ENABLE_TESTABILITY = YES;
				GCC_C_LANGUAGE_STANDARD = gnu11;
				GCC_DYNAMIC_NO_PIC = NO;
				GCC_NO_COMMON_BLOCKS = YES;
				GCC_OPTIMIZATION_LEVEL = 0;
				GCC_PREPROCESSOR_DEFINITIONS = (
					"DEBUG=1",
					"$(inherited)",
				);
				GCC_WARN_64_TO_32_BIT_CONVERSION = YES;
				GCC_WARN_ABOUT_RETURN_TYPE = YES_ERROR;
				GCC_WARN_UNDECLARED_SELECTOR = YES;
				GCC_WARN_UNINITIALIZED_AUTOS = YES_AGGRESSIVE;
				GCC_WARN_UNUSED_FUNCTION = YES;
				GCC_WARN_UNUSED_VARIABLE = YES;
				IPHONEOS_DEPLOYMENT_TARGET = 14.0;
				MTL_ENABLE_DEBUG_INFO = INCLUDE_SOURCE;
				MTL_FAST_MATH = YES;
				ONLY_ACTIVE_ARCH = YES;
				SDKROOT = iphoneos;
				SWIFT_ACTIVE_COMPILATION_CONDITIONS = DEBUG;
				SWIFT_OPTIMIZATION_LEVEL = "-Onone";
			};
			name = Debug;
		};
		D337ABE225026673000C0D1E /* Release */ = {
			isa = XCBuildConfiguration;
			buildSettings = {
				ALWAYS_SEARCH_USER_PATHS = NO;
				CLANG_ANALYZER_NONNULL = YES;
				CLANG_ANALYZER_NUMBER_OBJECT_CONVERSION = YES_AGGRESSIVE;
				CLANG_CXX_LANGUAGE_STANDARD = "gnu++14";
				CLANG_CXX_LIBRARY = "libc++";
				CLANG_ENABLE_MODULES = YES;
				CLANG_ENABLE_OBJC_ARC = YES;
				CLANG_ENABLE_OBJC_WEAK = YES;
				CLANG_WARN_BLOCK_CAPTURE_AUTORELEASING = YES;
				CLANG_WARN_BOOL_CONVERSION = YES;
				CLANG_WARN_COMMA = YES;
				CLANG_WARN_CONSTANT_CONVERSION = YES;
				CLANG_WARN_DEPRECATED_OBJC_IMPLEMENTATIONS = YES;
				CLANG_WARN_DIRECT_OBJC_ISA_USAGE = YES_ERROR;
				CLANG_WARN_DOCUMENTATION_COMMENTS = YES;
				CLANG_WARN_EMPTY_BODY = YES;
				CLANG_WARN_ENUM_CONVERSION = YES;
				CLANG_WARN_INFINITE_RECURSION = YES;
				CLANG_WARN_INT_CONVERSION = YES;
				CLANG_WARN_NON_LITERAL_NULL_CONVERSION = YES;
				CLANG_WARN_OBJC_IMPLICIT_RETAIN_SELF = YES;
				CLANG_WARN_OBJC_LITERAL_CONVERSION = YES;
				CLANG_WARN_OBJC_ROOT_CLASS = YES_ERROR;
				CLANG_WARN_QUOTED_INCLUDE_IN_FRAMEWORK_HEADER = YES;
				CLANG_WARN_RANGE_LOOP_ANALYSIS = YES;
				CLANG_WARN_STRICT_PROTOTYPES = YES;
				CLANG_WARN_SUSPICIOUS_MOVE = YES;
				CLANG_WARN_UNGUARDED_AVAILABILITY = YES_AGGRESSIVE;
				CLANG_WARN_UNREACHABLE_CODE = YES;
				CLANG_WARN__DUPLICATE_METHOD_MATCH = YES;
				COPY_PHASE_STRIP = NO;
				DEBUG_INFORMATION_FORMAT = "dwarf-with-dsym";
				ENABLE_NS_ASSERTIONS = NO;
				ENABLE_STRICT_OBJC_MSGSEND = YES;
				GCC_C_LANGUAGE_STANDARD = gnu11;
				GCC_NO_COMMON_BLOCKS = YES;
				GCC_WARN_64_TO_32_BIT_CONVERSION = YES;
				GCC_WARN_ABOUT_RETURN_TYPE = YES_ERROR;
				GCC_WARN_UNDECLARED_SELECTOR = YES;
				GCC_WARN_UNINITIALIZED_AUTOS = YES_AGGRESSIVE;
				GCC_WARN_UNUSED_FUNCTION = YES;
				GCC_WARN_UNUSED_VARIABLE = YES;
				IPHONEOS_DEPLOYMENT_TARGET = 14.0;
				MTL_ENABLE_DEBUG_INFO = NO;
				MTL_FAST_MATH = YES;
				SDKROOT = iphoneos;
				SWIFT_COMPILATION_MODE = wholemodule;
				SWIFT_OPTIMIZATION_LEVEL = "-O";
				VALIDATE_PRODUCT = YES;
			};
			name = Release;
		};
		D337ABE425026673000C0D1E /* Debug */ = {
			isa = XCBuildConfiguration;
			baseConfigurationReference = 0A4BFA3F0F65BCFB09DEB8FC /* Pods-BestRamen.debug.xcconfig */;
			buildSettings = {
				ASSETCATALOG_COMPILER_APPICON_NAME = AppIcon;
				CODE_SIGN_STYLE = Automatic;
				INFOPLIST_FILE = BestRamen/Info.plist;
				LD_RUNPATH_SEARCH_PATHS = (
					"$(inherited)",
					"@executable_path/Frameworks",
				);
				PRODUCT_BUNDLE_IDENTIFIER = com.hikawaproj.BestRamen;
				PRODUCT_NAME = "$(TARGET_NAME)";
				SWIFT_VERSION = 5.0;
				TARGETED_DEVICE_FAMILY = "1,2";
			};
			name = Debug;
		};
		D337ABE525026673000C0D1E /* Release */ = {
			isa = XCBuildConfiguration;
			baseConfigurationReference = 6F79E6D4A5555EE0BD153B2E /* Pods-BestRamen.release.xcconfig */;
			buildSettings = {
				ASSETCATALOG_COMPILER_APPICON_NAME = AppIcon;
				CODE_SIGN_STYLE = Automatic;
				INFOPLIST_FILE = BestRamen/Info.plist;
				LD_RUNPATH_SEARCH_PATHS = (
					"$(inherited)",
					"@executable_path/Frameworks",
				);
				PRODUCT_BUNDLE_IDENTIFIER = com.hikawaproj.BestRamen;
				PRODUCT_NAME = "$(TARGET_NAME)";
				SWIFT_VERSION = 5.0;
				TARGETED_DEVICE_FAMILY = "1,2";
			};
			name = Release;
		};
		D337ABE725026673000C0D1E /* Debug */ = {
			isa = XCBuildConfiguration;
			baseConfigurationReference = 5E67EC9E7B0D608D3ADE4314 /* Pods-BestRamenTests.debug.xcconfig */;
			buildSettings = {
				ALWAYS_EMBED_SWIFT_STANDARD_LIBRARIES = YES;
				BUNDLE_LOADER = "$(TEST_HOST)";
				CODE_SIGN_STYLE = Automatic;
				INFOPLIST_FILE = BestRamenTests/Info.plist;
				IPHONEOS_DEPLOYMENT_TARGET = 13.7;
				LD_RUNPATH_SEARCH_PATHS = (
					"$(inherited)",
					"@executable_path/Frameworks",
					"@loader_path/Frameworks",
				);
				PRODUCT_BUNDLE_IDENTIFIER = com.hikawaproj.BestRamenTests;
				PRODUCT_NAME = "$(TARGET_NAME)";
				SWIFT_VERSION = 5.0;
				TARGETED_DEVICE_FAMILY = "1,2";
				TEST_HOST = "$(BUILT_PRODUCTS_DIR)/BestRamen.app/BestRamen";
			};
			name = Debug;
		};
		D337ABE825026673000C0D1E /* Release */ = {
			isa = XCBuildConfiguration;
			baseConfigurationReference = 1455134CDCE2B661FDF47C49 /* Pods-BestRamenTests.release.xcconfig */;
			buildSettings = {
				ALWAYS_EMBED_SWIFT_STANDARD_LIBRARIES = YES;
				BUNDLE_LOADER = "$(TEST_HOST)";
				CODE_SIGN_STYLE = Automatic;
				INFOPLIST_FILE = BestRamenTests/Info.plist;
				IPHONEOS_DEPLOYMENT_TARGET = 13.7;
				LD_RUNPATH_SEARCH_PATHS = (
					"$(inherited)",
					"@executable_path/Frameworks",
					"@loader_path/Frameworks",
				);
				PRODUCT_BUNDLE_IDENTIFIER = com.hikawaproj.BestRamenTests;
				PRODUCT_NAME = "$(TARGET_NAME)";
				SWIFT_VERSION = 5.0;
				TARGETED_DEVICE_FAMILY = "1,2";
				TEST_HOST = "$(BUILT_PRODUCTS_DIR)/BestRamen.app/BestRamen";
			};
			name = Release;
		};
		D337ABEA25026673000C0D1E /* Debug */ = {
			isa = XCBuildConfiguration;
			baseConfigurationReference = FF7B60530FE760DC023F5510 /* Pods-BestRamen-BestRamenUITests.debug.xcconfig */;
			buildSettings = {
				ALWAYS_EMBED_SWIFT_STANDARD_LIBRARIES = YES;
				CODE_SIGN_STYLE = Automatic;
				INFOPLIST_FILE = BestRamenUITests/Info.plist;
				LD_RUNPATH_SEARCH_PATHS = (
					"$(inherited)",
					"@executable_path/Frameworks",
					"@loader_path/Frameworks",
				);
				PRODUCT_BUNDLE_IDENTIFIER = com.hikawaproj.BestRamenUITests;
				PRODUCT_NAME = "$(TARGET_NAME)";
				SWIFT_VERSION = 5.0;
				TARGETED_DEVICE_FAMILY = "1,2";
				TEST_TARGET_NAME = BestRamen;
			};
			name = Debug;
		};
		D337ABEB25026673000C0D1E /* Release */ = {
			isa = XCBuildConfiguration;
			baseConfigurationReference = F99D159FFB28B6DA450CBB9F /* Pods-BestRamen-BestRamenUITests.release.xcconfig */;
			buildSettings = {
				ALWAYS_EMBED_SWIFT_STANDARD_LIBRARIES = YES;
				CODE_SIGN_STYLE = Automatic;
				INFOPLIST_FILE = BestRamenUITests/Info.plist;
				LD_RUNPATH_SEARCH_PATHS = (
					"$(inherited)",
					"@executable_path/Frameworks",
					"@loader_path/Frameworks",
				);
				PRODUCT_BUNDLE_IDENTIFIER = com.hikawaproj.BestRamenUITests;
				PRODUCT_NAME = "$(TARGET_NAME)";
				SWIFT_VERSION = 5.0;
				TARGETED_DEVICE_FAMILY = "1,2";
				TEST_TARGET_NAME = BestRamen;
			};
			name = Release;
		};
/* End XCBuildConfiguration section */

/* Begin XCConfigurationList section */
		D337ABB22502666D000C0D1E /* Build configuration list for PBXProject "BestRamen" */ = {
			isa = XCConfigurationList;
			buildConfigurations = (
				D337ABE125026673000C0D1E /* Debug */,
				D337ABE225026673000C0D1E /* Release */,
			);
			defaultConfigurationIsVisible = 0;
			defaultConfigurationName = Release;
		};
		D337ABE325026673000C0D1E /* Build configuration list for PBXNativeTarget "BestRamen" */ = {
			isa = XCConfigurationList;
			buildConfigurations = (
				D337ABE425026673000C0D1E /* Debug */,
				D337ABE525026673000C0D1E /* Release */,
			);
			defaultConfigurationIsVisible = 0;
			defaultConfigurationName = Release;
		};
		D337ABE625026673000C0D1E /* Build configuration list for PBXNativeTarget "BestRamenTests" */ = {
			isa = XCConfigurationList;
			buildConfigurations = (
				D337ABE725026673000C0D1E /* Debug */,
				D337ABE825026673000C0D1E /* Release */,
			);
			defaultConfigurationIsVisible = 0;
			defaultConfigurationName = Release;
		};
		D337ABE925026673000C0D1E /* Build configuration list for PBXNativeTarget "BestRamenUITests" */ = {
			isa = XCConfigurationList;
			buildConfigurations = (
				D337ABEA25026673000C0D1E /* Debug */,
				D337ABEB25026673000C0D1E /* Release */,
			);
			defaultConfigurationIsVisible = 0;
			defaultConfigurationName = Release;
		};
/* End XCConfigurationList section */

/* Begin XCRemoteSwiftPackageReference section */
		D375B6632505BCB800F511D0 /* XCRemoteSwiftPackageReference "facebook-ios-sdk" */ = {
			isa = XCRemoteSwiftPackageReference;
			repositoryURL = "https://github.com/facebook/facebook-ios-sdk";
			requirement = {
				kind = upToNextMajorVersion;
				minimumVersion = 7.1.1;
			};
		};
/* End XCRemoteSwiftPackageReference section */

/* Begin XCSwiftPackageProductDependency section */
		D375B6642505BCB800F511D0 /* FacebookLogin */ = {
			isa = XCSwiftPackageProductDependency;
			package = D375B6632505BCB800F511D0 /* XCRemoteSwiftPackageReference "facebook-ios-sdk" */;
			productName = FacebookLogin;
		};
/* End XCSwiftPackageProductDependency section */
	};
	rootObject = D337ABAF2502666D000C0D1E /* Project object */;
}
